{
  "name": "@libp2p/perf-js-libp2p-1-0",
  "lockfileVersion": 3,
  "requires": true,
  "packages": {
    "": {
      "name": "@libp2p/perf-js-libp2p-1-0",
      "dependencies": {
        "@chainsafe/libp2p-noise": "file:./noise",
        "@chainsafe/libp2p-yamux": "file:./yamux",
        "@libp2p/perf": "next",
        "@libp2p/tcp": "file:./tcp",
        "libp2p": "file:./libp2p"
      }
    },
    "crypto": {
      "name": "@libp2p/crypto",
      "version": "2.0.8",
      "license": "Apache-2.0 OR MIT",
      "dependencies": {
        "@libp2p/interface": "file:../interface",
        "@noble/curves": "^1.1.0",
        "@noble/hashes": "^1.3.1",
        "multiformats": "^12.1.3",
        "node-forge": "^1.1.0",
        "protons-runtime": "^5.0.0",
        "uint8arraylist": "^2.4.3",
        "uint8arrays": "^4.0.6"
      }
    },
    "interface": {
      "name": "@libp2p/interface",
      "version": "0.1.6",
      "license": "Apache-2.0 OR MIT",
      "dependencies": {
        "@multiformats/multiaddr": "^12.1.10",
        "it-pushable": "^3.2.1",
        "it-stream-types": "^2.0.1",
        "multiformats": "^12.1.3",
        "uint8arraylist": "^2.4.3"
      }
    },
    "libp2p": {
      "version": "0.46.21",
      "license": "Apache-2.0 OR MIT",
      "dependencies": {
        "@libp2p/crypto": "file:../crypto",
        "@libp2p/interface": "file:../interface",
        "@libp2p/interface-internal": "next",
        "@libp2p/logger": "next",
        "@libp2p/multistream-select": "next",
        "@libp2p/peer-collections": "next",
        "@libp2p/peer-id": "next",
        "@libp2p/peer-id-factory": "next",
        "@libp2p/peer-store": "next",
        "@libp2p/utils": "file:../utils",
        "@multiformats/mafmt": "^12.1.6",
        "@multiformats/multiaddr": "^12.1.10",
        "@multiformats/multiaddr-matcher": "^1.1.0",
        "any-signal": "^4.1.1",
        "datastore-core": "^9.0.1",
        "delay": "^6.0.0",
        "interface-datastore": "^8.2.0",
        "it-all": "^3.0.2",
        "it-drain": "^3.0.2",
        "it-filter": "^3.0.1",
        "it-first": "^3.0.3",
        "it-map": "^3.0.4",
        "it-merge": "^3.0.0",
        "it-pipe": "^3.0.1",
        "it-stream-types": "^2.0.1",
        "merge-options": "^3.0.4",
        "multiformats": "^12.1.3",
        "p-defer": "^4.0.0",
        "p-queue": "^7.4.1",
        "private-ip": "^3.0.1",
        "rate-limiter-flexible": "^3.0.0",
        "uint8arraylist": "^2.4.3",
        "uint8arrays": "^4.0.6"
      }
    },
    "libp2p/node_modules/@libp2p/logger": {
      "version": "3.1.0-0b4a2ee79",
      "resolved": "https://registry.npmjs.org/@libp2p/logger/-/logger-3.1.0-0b4a2ee79.tgz",
      "integrity": "sha512-haeXJplYP29dYTkwLlGI/dc7nQuRTbRte7GeMcNwrmCeODM3uo3D0O7+qS6RulmRDbvWqs3muCxZyRFSU4oB+A==",
      "dependencies": {
        "@libp2p/interface": "0.1.6-0b4a2ee79",
        "@multiformats/multiaddr": "^12.1.10",
        "debug": "^4.3.4",
        "interface-datastore": "^8.2.0",
        "multiformats": "^12.1.3"
      }
    },
    "libp2p/node_modules/@libp2p/logger/node_modules/@libp2p/interface": {
      "version": "0.1.6-0b4a2ee79",
      "resolved": "https://registry.npmjs.org/@libp2p/interface/-/interface-0.1.6-0b4a2ee79.tgz",
      "integrity": "sha512-MdxUr/x2pLsh6/VD+N05TbpfICF6IMaW0cYX2EogcybuDc1UneGvmY2QJBkqBYvougrF34TMezwgVmm82Ezjyg==",
      "dependencies": {
        "@multiformats/multiaddr": "^12.1.10",
        "it-pushable": "^3.2.1",
        "it-stream-types": "^2.0.1",
        "multiformats": "^12.1.3",
        "uint8arraylist": "^2.4.3"
      }
    },
    "node_modules/@chainsafe/as-chacha20poly1305": {
      "version": "0.1.0",
      "license": "Apache-2.0"
    },
    "node_modules/@chainsafe/as-sha256": {
      "version": "0.4.1",
      "license": "Apache-2.0"
    },
    "node_modules/@chainsafe/is-ip": {
      "version": "2.0.2",
      "license": "MIT"
    },
    "node_modules/@chainsafe/libp2p-noise": {
      "resolved": "noise",
      "link": true
    },
    "node_modules/@chainsafe/libp2p-yamux": {
      "resolved": "yamux",
      "link": true
    },
    "node_modules/@chainsafe/netmask": {
      "version": "2.0.0",
      "license": "MIT",
      "dependencies": {
        "@chainsafe/is-ip": "^2.0.1"
      }
    },
    "node_modules/@libp2p/crypto": {
      "resolved": "crypto",
      "link": true
    },
    "node_modules/@libp2p/interface": {
      "resolved": "interface",
      "link": true
    },
    "node_modules/@libp2p/interface-internal": {
      "version": "0.1.9-0b4a2ee79",
      "resolved": "https://registry.npmjs.org/@libp2p/interface-internal/-/interface-internal-0.1.9-0b4a2ee79.tgz",
      "integrity": "sha512-IGrEs9QsJdYYsSOhniUEQzHVtgB7WNyRqMF8g6iVGn/rM1bJd8MM4syczPn7OQQbkAKqoLQL32XzGN2JgzAvZQ==",
      "dependencies": {
        "@libp2p/interface": "0.1.6-0b4a2ee79",
        "@libp2p/peer-collections": "4.0.8-0b4a2ee79",
        "@multiformats/multiaddr": "^12.1.10",
        "uint8arraylist": "^2.4.3"
      }
    },
    "node_modules/@libp2p/interface-internal/node_modules/@libp2p/interface": {
      "version": "0.1.6-0b4a2ee79",
      "license": "Apache-2.0 OR MIT",
      "dependencies": {
        "@multiformats/multiaddr": "^12.1.10",
        "it-pushable": "^3.2.1",
        "it-stream-types": "^2.0.1",
        "multiformats": "^12.1.3",
        "uint8arraylist": "^2.4.3"
      }
    },
    "node_modules/@libp2p/logger": {
      "version": "3.1.0",
      "license": "Apache-2.0 OR MIT",
      "dependencies": {
        "@libp2p/interface": "^0.1.6",
        "@multiformats/multiaddr": "^12.1.5",
        "debug": "^4.3.4",
        "interface-datastore": "^8.2.0",
        "multiformats": "^12.0.1"
      }
    },
    "node_modules/@libp2p/multistream-select": {
      "version": "4.0.6-0b4a2ee79",
      "resolved": "https://registry.npmjs.org/@libp2p/multistream-select/-/multistream-select-4.0.6-0b4a2ee79.tgz",
      "integrity": "sha512-ylXXuNgeizJ8ALRCp3V1eXbfzibt+cJUYyZvrO2GK7sGYDGlRh7T3rNMCHaU7tuXKN92xrD7Owwnk9rNjFtA+g==",
      "dependencies": {
        "@libp2p/interface": "0.1.6-0b4a2ee79",
        "it-length-prefixed": "^9.0.3",
        "it-length-prefixed-stream": "^1.1.1",
        "it-pipe": "^3.0.1",
        "it-stream-types": "^2.0.1",
        "p-defer": "^4.0.0",
        "uint8-varint": "^2.0.2",
        "uint8arraylist": "^2.4.3",
        "uint8arrays": "^4.0.6"
      }
    },
    "node_modules/@libp2p/multistream-select/node_modules/@libp2p/interface": {
      "version": "0.1.6-0b4a2ee79",
      "license": "Apache-2.0 OR MIT",
      "dependencies": {
        "@multiformats/multiaddr": "^12.1.10",
        "it-pushable": "^3.2.1",
        "it-stream-types": "^2.0.1",
        "multiformats": "^12.1.3",
        "uint8arraylist": "^2.4.3"
      }
    },
    "node_modules/@libp2p/peer-collections": {
      "version": "4.0.8-0b4a2ee79",
      "resolved": "https://registry.npmjs.org/@libp2p/peer-collections/-/peer-collections-4.0.8-0b4a2ee79.tgz",
      "integrity": "sha512-LYLTIlAWNLsDGlK7dhZ9azqkr9vpq5NbvuqTWAKEv02pFbJlmgIMUtPL6XJeyk2BLiZQtgp/nP6cpdFSPZTrBw==",
      "dependencies": {
        "@libp2p/interface": "0.1.6-0b4a2ee79",
        "@libp2p/peer-id": "3.0.6-0b4a2ee79"
      }
    },
    "node_modules/@libp2p/peer-collections/node_modules/@libp2p/interface": {
      "version": "0.1.6-0b4a2ee79",
      "license": "Apache-2.0 OR MIT",
      "dependencies": {
        "@multiformats/multiaddr": "^12.1.10",
        "it-pushable": "^3.2.1",
        "it-stream-types": "^2.0.1",
        "multiformats": "^12.1.3",
        "uint8arraylist": "^2.4.3"
      }
    },
    "node_modules/@libp2p/peer-id": {
      "version": "3.0.6-0b4a2ee79",
      "resolved": "https://registry.npmjs.org/@libp2p/peer-id/-/peer-id-3.0.6-0b4a2ee79.tgz",
      "integrity": "sha512-4IHuFCa+iP+yjsD/575wle50GgyH/76jxrYVFNvJwDBGODb/iSZ1VbhK0OKJk/Q12SF3cSbPQH8m5gOmc/ETcQ==",
      "dependencies": {
        "@libp2p/interface": "0.1.6-0b4a2ee79",
        "multiformats": "^12.1.3",
        "uint8arrays": "^4.0.6"
      }
    },
    "node_modules/@libp2p/peer-id-factory": {
      "version": "3.0.8-0b4a2ee79",
      "resolved": "https://registry.npmjs.org/@libp2p/peer-id-factory/-/peer-id-factory-3.0.8-0b4a2ee79.tgz",
      "integrity": "sha512-y7JrbVT4+ZAy7KDqwwfoBFHPjR5cBZI8+ySwbuyI1MApVxXjPenJdJZRInxQbUDjqWnQHP8dOa75lXhMowjxVg==",
      "dependencies": {
        "@libp2p/crypto": "2.0.8-0b4a2ee79",
        "@libp2p/interface": "0.1.6-0b4a2ee79",
        "@libp2p/peer-id": "3.0.6-0b4a2ee79",
        "multiformats": "^12.1.3",
        "protons-runtime": "^5.0.0",
        "uint8arraylist": "^2.4.3",
        "uint8arrays": "^4.0.6"
      }
    },
    "node_modules/@libp2p/peer-id-factory/node_modules/@libp2p/crypto": {
      "version": "2.0.8-0b4a2ee79",
      "license": "Apache-2.0 OR MIT",
      "dependencies": {
        "@libp2p/interface": "0.1.6-0b4a2ee79",
        "@noble/curves": "^1.1.0",
        "@noble/hashes": "^1.3.1",
        "multiformats": "^12.1.3",
        "node-forge": "^1.1.0",
        "protons-runtime": "^5.0.0",
        "uint8arraylist": "^2.4.3",
        "uint8arrays": "^4.0.6"
      }
    },
    "node_modules/@libp2p/peer-id-factory/node_modules/@libp2p/interface": {
      "version": "0.1.6-0b4a2ee79",
      "license": "Apache-2.0 OR MIT",
      "dependencies": {
        "@multiformats/multiaddr": "^12.1.10",
        "it-pushable": "^3.2.1",
        "it-stream-types": "^2.0.1",
        "multiformats": "^12.1.3",
        "uint8arraylist": "^2.4.3"
      }
    },
    "node_modules/@libp2p/peer-id/node_modules/@libp2p/interface": {
      "version": "0.1.6-0b4a2ee79",
      "resolved": "https://registry.npmjs.org/@libp2p/interface/-/interface-0.1.6-0b4a2ee79.tgz",
      "integrity": "sha512-MdxUr/x2pLsh6/VD+N05TbpfICF6IMaW0cYX2EogcybuDc1UneGvmY2QJBkqBYvougrF34TMezwgVmm82Ezjyg==",
      "dependencies": {
        "@multiformats/multiaddr": "^12.1.10",
        "it-pushable": "^3.2.1",
        "it-stream-types": "^2.0.1",
        "multiformats": "^12.1.3",
        "uint8arraylist": "^2.4.3"
      }
    },
    "node_modules/@libp2p/peer-record": {
      "version": "6.0.9-0b4a2ee79",
      "license": "Apache-2.0 OR MIT",
      "dependencies": {
        "@libp2p/crypto": "2.0.8-0b4a2ee79",
        "@libp2p/interface": "0.1.6-0b4a2ee79",
        "@libp2p/peer-id": "3.0.6-0b4a2ee79",
        "@libp2p/utils": "4.0.7-0b4a2ee79",
        "@multiformats/multiaddr": "^12.1.10",
        "protons-runtime": "^5.0.0",
        "uint8-varint": "^2.0.0",
        "uint8arraylist": "^2.4.3",
        "uint8arrays": "^4.0.6"
      }
    },
    "node_modules/@libp2p/peer-record/node_modules/@libp2p/crypto": {
      "version": "2.0.8-0b4a2ee79",
      "license": "Apache-2.0 OR MIT",
      "dependencies": {
        "@libp2p/interface": "0.1.6-0b4a2ee79",
        "@noble/curves": "^1.1.0",
        "@noble/hashes": "^1.3.1",
        "multiformats": "^12.1.3",
        "node-forge": "^1.1.0",
        "protons-runtime": "^5.0.0",
        "uint8arraylist": "^2.4.3",
        "uint8arrays": "^4.0.6"
      }
    },
    "node_modules/@libp2p/peer-record/node_modules/@libp2p/interface": {
      "version": "0.1.6-0b4a2ee79",
      "license": "Apache-2.0 OR MIT",
      "dependencies": {
        "@multiformats/multiaddr": "^12.1.10",
        "it-pushable": "^3.2.1",
        "it-stream-types": "^2.0.1",
        "multiformats": "^12.1.3",
        "uint8arraylist": "^2.4.3"
      }
    },
    "node_modules/@libp2p/peer-record/node_modules/@libp2p/utils": {
      "version": "4.0.7-0b4a2ee79",
      "license": "Apache-2.0 OR MIT",
      "dependencies": {
        "@chainsafe/is-ip": "^2.0.2",
        "@libp2p/interface": "0.1.6-0b4a2ee79",
        "@multiformats/multiaddr": "^12.1.10",
        "@multiformats/multiaddr-matcher": "^1.1.0",
        "get-iterator": "^2.0.1",
        "is-loopback-addr": "^2.0.1",
        "it-pushable": "^3.2.2",
        "it-stream-types": "^2.0.1",
        "p-queue": "^7.4.1",
        "private-ip": "^3.0.1",
        "race-signal": "^1.0.1",
        "uint8arraylist": "^2.4.3"
      }
    },
    "node_modules/@libp2p/peer-store": {
      "version": "9.0.9-0b4a2ee79",
      "resolved": "https://registry.npmjs.org/@libp2p/peer-store/-/peer-store-9.0.9-0b4a2ee79.tgz",
      "integrity": "sha512-uiUsWo6RdOSgnmplpmcEWnETKp4SXeKAfEcwURgwpEAXsJhPx9UfY9kXMb4xov6ssfHWF8FnTPhlWSrLmCuO4A==",
      "dependencies": {
        "@libp2p/interface": "0.1.6-0b4a2ee79",
        "@libp2p/peer-collections": "4.0.8-0b4a2ee79",
        "@libp2p/peer-id": "3.0.6-0b4a2ee79",
        "@libp2p/peer-id-factory": "3.0.8-0b4a2ee79",
        "@libp2p/peer-record": "6.0.9-0b4a2ee79",
        "@multiformats/multiaddr": "^12.1.10",
        "interface-datastore": "^8.2.0",
        "it-all": "^3.0.2",
        "mortice": "^3.0.1",
        "multiformats": "^12.1.3",
        "protons-runtime": "^5.0.0",
        "uint8arraylist": "^2.4.3",
        "uint8arrays": "^4.0.6"
      }
    },
    "node_modules/@libp2p/peer-store/node_modules/@libp2p/interface": {
      "version": "0.1.6-0b4a2ee79",
      "license": "Apache-2.0 OR MIT",
      "dependencies": {
        "@multiformats/multiaddr": "^12.1.10",
        "it-pushable": "^3.2.1",
        "it-stream-types": "^2.0.1",
        "multiformats": "^12.1.3",
        "uint8arraylist": "^2.4.3"
      }
    },
    "node_modules/@libp2p/perf": {
      "version": "2.0.1-0b4a2ee79",
      "resolved": "https://registry.npmjs.org/@libp2p/perf/-/perf-2.0.1-0b4a2ee79.tgz",
      "integrity": "sha512-B3pDbyEQ6z0yWkh8vkEZE6HbMabS63BH8Gm3kDHCaZm3n40KoFxqwoBL0Iy82nxk0/20Mc3D/bprqzEj2YUlVw==",
      "dependencies": {
        "@libp2p/interface": "0.1.6-0b4a2ee79",
        "@libp2p/interface-internal": "0.1.9-0b4a2ee79",
        "@multiformats/multiaddr": "^12.1.10",
        "it-pushable": "^3.2.3"
      }
    },
    "node_modules/@libp2p/perf/node_modules/@libp2p/interface": {
      "version": "0.1.6-0b4a2ee79",
      "license": "Apache-2.0 OR MIT",
      "dependencies": {
        "@multiformats/multiaddr": "^12.1.10",
        "it-pushable": "^3.2.1",
        "it-stream-types": "^2.0.1",
        "multiformats": "^12.1.3",
        "uint8arraylist": "^2.4.3"
      }
    },
    "node_modules/@libp2p/tcp": {
      "resolved": "tcp",
      "link": true
    },
    "node_modules/@libp2p/utils": {
      "resolved": "utils",
      "link": true
    },
    "node_modules/@multiformats/mafmt": {
      "version": "12.1.6",
      "license": "Apache-2.0 OR MIT",
      "dependencies": {
        "@multiformats/multiaddr": "^12.0.0"
      }
    },
    "node_modules/@multiformats/multiaddr": {
      "version": "12.1.10",
      "license": "Apache-2.0 OR MIT",
      "dependencies": {
        "@chainsafe/is-ip": "^2.0.1",
        "@chainsafe/netmask": "^2.0.0",
        "@libp2p/interface": "^0.1.1",
        "dns-over-http-resolver": "3.0.0",
        "multiformats": "^12.0.1",
        "uint8-varint": "^2.0.1",
        "uint8arrays": "^4.0.2"
      }
    },
    "node_modules/@multiformats/multiaddr-matcher": {
      "version": "1.1.0",
      "license": "Apache-2.0 OR MIT",
      "dependencies": {
        "@chainsafe/is-ip": "^2.0.1",
        "@multiformats/multiaddr": "^12.0.0",
        "multiformats": "^12.0.1"
      }
    },
    "node_modules/@noble/ciphers": {
      "version": "0.4.0",
      "license": "MIT",
      "funding": {
        "url": "https://paulmillr.com/funding/"
      }
    },
    "node_modules/@noble/curves": {
      "version": "1.2.0",
      "license": "MIT",
      "dependencies": {
        "@noble/hashes": "1.3.2"
      },
      "funding": {
        "url": "https://paulmillr.com/funding/"
      }
    },
    "node_modules/@noble/hashes": {
      "version": "1.3.2",
      "license": "MIT",
      "engines": {
        "node": ">= 16"
      },
      "funding": {
        "url": "https://paulmillr.com/funding/"
      }
    },
    "node_modules/@types/sinon": {
      "version": "17.0.2",
      "license": "MIT",
      "dependencies": {
        "@types/sinonjs__fake-timers": "*"
      }
    },
    "node_modules/@types/sinonjs__fake-timers": {
      "version": "8.1.5",
      "license": "MIT"
    },
    "node_modules/any-signal": {
      "version": "4.1.1",
      "license": "Apache-2.0 OR MIT",
      "engines": {
        "node": ">=16.0.0",
        "npm": ">=7.0.0"
      }
    },
    "node_modules/datastore-core": {
      "version": "9.2.3",
      "license": "Apache-2.0 OR MIT",
      "dependencies": {
        "@libp2p/logger": "^3.0.0",
        "err-code": "^3.0.1",
        "interface-store": "^5.0.0",
        "it-all": "^3.0.1",
        "it-drain": "^3.0.1",
        "it-filter": "^3.0.0",
        "it-map": "^3.0.1",
        "it-merge": "^3.0.1",
        "it-pipe": "^3.0.0",
        "it-pushable": "^3.0.0",
        "it-sort": "^3.0.1",
        "it-take": "^3.0.1",
        "uint8arrays": "^4.0.2"
      }
    },
    "node_modules/debug": {
      "version": "4.3.4",
      "license": "MIT",
      "dependencies": {
        "ms": "2.1.2"
      },
      "engines": {
        "node": ">=6.0"
      },
      "peerDependenciesMeta": {
        "supports-color": {
          "optional": true
        }
      }
    },
    "node_modules/delay": {
      "version": "6.0.0",
      "license": "MIT",
      "engines": {
        "node": ">=16"
      },
      "funding": {
        "url": "https://github.com/sponsors/sindresorhus"
      }
    },
    "node_modules/dns-over-http-resolver": {
      "version": "3.0.0",
      "license": "Apache-2.0 OR MIT",
      "dependencies": {
        "debug": "^4.3.4",
        "receptacle": "^1.3.2"
      }
    },
    "node_modules/err-code": {
      "version": "3.0.1",
      "license": "MIT"
    },
    "node_modules/eventemitter3": {
      "version": "5.0.1",
      "license": "MIT"
    },
    "node_modules/get-iterator": {
      "version": "2.0.1",
      "license": "MIT"
    },
    "node_modules/interface-datastore": {
      "version": "8.2.5",
      "license": "Apache-2.0 OR MIT",
      "dependencies": {
        "interface-store": "^5.0.0",
        "nanoid": "^4.0.0",
        "uint8arrays": "^4.0.2"
      }
    },
    "node_modules/interface-store": {
      "version": "5.1.4",
      "license": "Apache-2.0 OR MIT"
    },
    "node_modules/ip-regex": {
      "version": "5.0.0",
      "license": "MIT",
      "engines": {
        "node": "^12.20.0 || ^14.13.1 || >=16.0.0"
      },
      "funding": {
        "url": "https://github.com/sponsors/sindresorhus"
      }
    },
    "node_modules/ipaddr.js": {
      "version": "2.1.0",
      "license": "MIT",
      "engines": {
        "node": ">= 10"
      }
    },
    "node_modules/is-electron": {
      "version": "2.2.2",
      "license": "MIT"
    },
    "node_modules/is-loopback-addr": {
      "version": "2.0.2",
      "license": "MIT"
    },
    "node_modules/is-plain-obj": {
      "version": "2.1.0",
      "license": "MIT",
      "engines": {
        "node": ">=8"
      }
    },
    "node_modules/it-all": {
      "version": "3.0.4",
      "license": "Apache-2.0 OR MIT"
    },
    "node_modules/it-byte-stream": {
      "version": "1.0.5",
      "license": "Apache-2.0 OR MIT",
      "dependencies": {
        "it-stream-types": "^2.0.1",
        "p-defer": "^4.0.0",
        "race-signal": "^1.0.1",
        "uint8arraylist": "^2.4.1"
      }
    },
    "node_modules/it-drain": {
      "version": "3.0.5",
      "license": "Apache-2.0 OR MIT"
    },
    "node_modules/it-filter": {
      "version": "3.0.4",
      "license": "Apache-2.0 OR MIT",
      "dependencies": {
        "it-peekable": "^3.0.0"
      }
    },
    "node_modules/it-first": {
      "version": "3.0.4",
      "license": "Apache-2.0 OR MIT"
    },
    "node_modules/it-foreach": {
      "version": "2.0.6",
      "license": "Apache-2.0 OR MIT",
      "dependencies": {
        "it-peekable": "^3.0.0"
      }
    },
    "node_modules/it-length-prefixed": {
      "version": "9.0.3",
      "license": "Apache-2.0 OR MIT",
      "dependencies": {
        "err-code": "^3.0.1",
        "it-reader": "^6.0.1",
        "it-stream-types": "^2.0.1",
        "uint8-varint": "^2.0.1",
        "uint8arraylist": "^2.0.0",
        "uint8arrays": "^4.0.2"
      },
      "engines": {
        "node": ">=16.0.0",
        "npm": ">=7.0.0"
      }
    },
    "node_modules/it-length-prefixed-stream": {
      "version": "1.1.4",
      "license": "Apache-2.0 OR MIT",
      "dependencies": {
        "it-byte-stream": "^1.0.0",
        "it-length-prefixed": "^9.0.1",
        "it-stream-types": "^2.0.1",
        "uint8-varint": "^2.0.1",
        "uint8arraylist": "^2.4.1"
      }
    },
    "node_modules/it-map": {
      "version": "3.0.5",
      "license": "Apache-2.0 OR MIT",
      "dependencies": {
        "it-peekable": "^3.0.0"
      }
    },
    "node_modules/it-merge": {
      "version": "3.0.3",
      "license": "Apache-2.0 OR MIT",
      "dependencies": {
        "it-pushable": "^3.2.0"
      }
    },
    "node_modules/it-pair": {
      "version": "2.0.6",
      "license": "Apache-2.0 OR MIT",
      "dependencies": {
        "it-stream-types": "^2.0.1",
        "p-defer": "^4.0.0"
      },
      "engines": {
        "node": ">=16.0.0",
        "npm": ">=7.0.0"
      }
    },
    "node_modules/it-peekable": {
      "version": "3.0.3",
      "license": "Apache-2.0 OR MIT"
    },
    "node_modules/it-pipe": {
      "version": "3.0.1",
      "license": "Apache-2.0 OR MIT",
      "dependencies": {
        "it-merge": "^3.0.0",
        "it-pushable": "^3.1.2",
        "it-stream-types": "^2.0.1"
      },
      "engines": {
        "node": ">=16.0.0",
        "npm": ">=7.0.0"
      }
    },
    "node_modules/it-pushable": {
      "version": "3.2.3",
      "license": "Apache-2.0 OR MIT",
      "dependencies": {
        "p-defer": "^4.0.0"
      }
    },
    "node_modules/it-reader": {
      "version": "6.0.4",
      "license": "Apache-2.0 OR MIT",
      "dependencies": {
        "it-stream-types": "^2.0.1",
        "uint8arraylist": "^2.0.0"
      },
      "engines": {
        "node": ">=16.0.0",
        "npm": ">=7.0.0"
      }
    },
    "node_modules/it-sort": {
      "version": "3.0.4",
      "license": "Apache-2.0 OR MIT",
      "dependencies": {
        "it-all": "^3.0.0"
      }
    },
    "node_modules/it-stream-types": {
      "version": "2.0.1",
      "license": "Apache-2.0 OR MIT",
      "engines": {
        "node": ">=16.0.0",
        "npm": ">=7.0.0"
      }
    },
    "node_modules/it-take": {
      "version": "3.0.4",
      "license": "Apache-2.0 OR MIT"
    },
    "node_modules/libp2p": {
      "resolved": "libp2p",
      "link": true
    },
    "node_modules/merge-options": {
      "version": "3.0.4",
      "license": "MIT",
      "dependencies": {
        "is-plain-obj": "^2.1.0"
      },
      "engines": {
        "node": ">=10"
      }
    },
    "node_modules/mortice": {
      "version": "3.0.1",
      "license": "Apache-2.0 OR MIT",
      "dependencies": {
        "nanoid": "^4.0.0",
        "observable-webworkers": "^2.0.1",
        "p-queue": "^7.2.0",
        "p-timeout": "^6.0.0"
      },
      "engines": {
        "node": ">=16.0.0",
        "npm": ">=7.0.0"
      }
    },
    "node_modules/ms": {
      "version": "2.1.2",
      "license": "MIT"
    },
    "node_modules/multiformats": {
      "version": "12.1.3",
      "license": "Apache-2.0 OR MIT",
      "engines": {
        "node": ">=16.0.0",
        "npm": ">=7.0.0"
      }
    },
    "node_modules/nanoid": {
      "version": "4.0.2",
      "funding": [
        {
          "type": "github",
          "url": "https://github.com/sponsors/ai"
        }
      ],
      "license": "MIT",
      "bin": {
        "nanoid": "bin/nanoid.js"
      },
      "engines": {
        "node": "^14 || ^16 || >=18"
      }
    },
    "node_modules/netmask": {
      "version": "2.0.2",
      "license": "MIT",
      "engines": {
        "node": ">= 0.4.0"
      }
    },
    "node_modules/node-forge": {
      "version": "1.3.1",
      "license": "(BSD-3-Clause OR GPL-2.0)",
      "engines": {
        "node": ">= 6.13.0"
      }
    },
    "node_modules/observable-webworkers": {
      "version": "2.0.1",
      "license": "Apache-2.0 OR MIT",
      "engines": {
        "node": ">=16.0.0",
        "npm": ">=7.0.0"
      }
    },
    "node_modules/p-defer": {
      "version": "4.0.0",
      "license": "MIT",
      "engines": {
        "node": ">=12"
      },
      "funding": {
        "url": "https://github.com/sponsors/sindresorhus"
      }
    },
    "node_modules/p-queue": {
      "version": "7.4.1",
      "license": "MIT",
      "dependencies": {
        "eventemitter3": "^5.0.1",
        "p-timeout": "^5.0.2"
      },
      "engines": {
        "node": ">=12"
      },
      "funding": {
        "url": "https://github.com/sponsors/sindresorhus"
      }
    },
    "node_modules/p-queue/node_modules/p-timeout": {
      "version": "5.1.0",
      "license": "MIT",
      "engines": {
        "node": ">=12"
      },
      "funding": {
        "url": "https://github.com/sponsors/sindresorhus"
      }
    },
    "node_modules/p-timeout": {
      "version": "6.1.2",
      "license": "MIT",
      "engines": {
        "node": ">=14.16"
      },
      "funding": {
        "url": "https://github.com/sponsors/sindresorhus"
      }
    },
    "node_modules/private-ip": {
      "version": "3.0.1",
      "license": "MIT",
      "dependencies": {
        "@chainsafe/is-ip": "^2.0.1",
        "ip-regex": "^5.0.0",
        "ipaddr.js": "^2.1.0",
        "netmask": "^2.0.2"
      },
      "engines": {
        "node": ">=14.16"
      }
    },
    "node_modules/protons-runtime": {
      "version": "5.2.0",
      "license": "Apache-2.0 OR MIT",
      "dependencies": {
        "uint8arraylist": "^2.4.3",
        "uint8arrays": "^4.0.6"
      }
    },
    "node_modules/race-signal": {
      "version": "1.0.2",
      "license": "Apache-2.0 OR MIT"
    },
    "node_modules/rate-limiter-flexible": {
      "version": "3.0.4",
      "license": "ISC"
    },
    "node_modules/receptacle": {
      "version": "1.3.2",
      "license": "MIT",
      "dependencies": {
        "ms": "^2.1.1"
      }
    },
    "node_modules/stream-to-it": {
      "version": "0.2.4",
      "license": "MIT",
      "dependencies": {
        "get-iterator": "^1.0.2"
      }
    },
    "node_modules/stream-to-it/node_modules/get-iterator": {
      "version": "1.0.2",
      "license": "MIT"
    },
    "node_modules/uint8-varint": {
      "version": "2.0.2",
      "license": "Apache-2.0 OR MIT",
      "dependencies": {
        "uint8arraylist": "^2.0.0",
        "uint8arrays": "^4.0.2"
      }
    },
    "node_modules/uint8arraylist": {
      "version": "2.4.7",
      "license": "Apache-2.0 OR MIT",
      "dependencies": {
        "uint8arrays": "^4.0.2"
      }
    },
    "node_modules/uint8arrays": {
      "version": "4.0.9",
      "license": "Apache-2.0 OR MIT",
      "dependencies": {
        "multiformats": "^12.0.1"
      }
    },
    "node_modules/wherearewe": {
      "version": "2.0.1",
      "license": "Apache-2.0 OR MIT",
      "dependencies": {
        "is-electron": "^2.2.0"
      },
      "engines": {
        "node": ">=16.0.0",
        "npm": ">=7.0.0"
      }
    },
    "noise": {
      "version": "13.0.3",
      "license": "Apache-2.0 OR MIT",
      "dependencies": {
        "@chainsafe/as-chacha20poly1305": "^0.1.0",
        "@chainsafe/as-sha256": "^0.4.1",
        "@libp2p/crypto": "file:../crypto",
        "@libp2p/interface": "file:../interface",
        "@libp2p/logger": "next",
        "@libp2p/peer-id": "next",
        "@noble/ciphers": "^0.4.0",
        "@noble/curves": "^1.1.0",
        "@noble/hashes": "^1.3.1",
        "it-byte-stream": "^1.0.0",
        "it-length-prefixed": "^9.0.1",
        "it-length-prefixed-stream": "^1.0.0",
        "it-pair": "^2.0.6",
        "it-pipe": "^3.0.1",
        "it-stream-types": "^2.0.1",
        "protons-runtime": "^5.0.0",
        "uint8arraylist": "^2.4.3",
        "uint8arrays": "^4.0.4",
        "wherearewe": "^2.0.1"
      },
      "engines": {
        "node": ">=16.0.0",
        "npm": ">=7.0.0"
      }
    },
    "noise/node_modules/@libp2p/logger": {
      "version": "3.1.0-0b4a2ee79",
      "resolved": "https://registry.npmjs.org/@libp2p/logger/-/logger-3.1.0-0b4a2ee79.tgz",
      "integrity": "sha512-haeXJplYP29dYTkwLlGI/dc7nQuRTbRte7GeMcNwrmCeODM3uo3D0O7+qS6RulmRDbvWqs3muCxZyRFSU4oB+A==",
      "dependencies": {
        "@libp2p/interface": "0.1.6-0b4a2ee79",
        "@multiformats/multiaddr": "^12.1.10",
        "debug": "^4.3.4",
        "interface-datastore": "^8.2.0",
        "multiformats": "^12.1.3"
      }
    },
    "noise/node_modules/@libp2p/logger/node_modules/@libp2p/interface": {
      "version": "0.1.6-0b4a2ee79",
      "resolved": "https://registry.npmjs.org/@libp2p/interface/-/interface-0.1.6-0b4a2ee79.tgz",
      "integrity": "sha512-MdxUr/x2pLsh6/VD+N05TbpfICF6IMaW0cYX2EogcybuDc1UneGvmY2QJBkqBYvougrF34TMezwgVmm82Ezjyg==",
      "dependencies": {
        "@multiformats/multiaddr": "^12.1.10",
        "it-pushable": "^3.2.1",
        "it-stream-types": "^2.0.1",
        "multiformats": "^12.1.3",
        "uint8arraylist": "^2.4.3"
      }
    },
    "tcp": {
      "version": "8.0.13",
      "license": "Apache-2.0 OR MIT",
      "dependencies": {
        "@libp2p/interface": "file:../interface",
        "@libp2p/utils": "file:../utils",
        "@multiformats/mafmt": "^12.1.6",
        "@multiformats/multiaddr": "^12.1.10",
        "@types/sinon": "^17.0.0",
        "stream-to-it": "^0.2.2"
      }
    },
    "utils": {
      "name": "@libp2p/utils",
      "version": "4.0.7",
      "license": "Apache-2.0 OR MIT",
      "dependencies": {
        "@chainsafe/is-ip": "^2.0.2",
        "@libp2p/interface": "file:../interface",
        "@multiformats/multiaddr": "^12.1.10",
        "@multiformats/multiaddr-matcher": "^1.1.0",
        "get-iterator": "^2.0.1",
        "is-loopback-addr": "^2.0.1",
        "it-pushable": "^3.2.2",
        "it-stream-types": "^2.0.1",
        "p-queue": "^7.4.1",
        "private-ip": "^3.0.1",
        "race-signal": "^1.0.1",
        "uint8arraylist": "^2.4.3"
      }
    },
    "yamux": {
      "version": "5.0.3",
      "license": "Apache-2.0 OR MIT",
      "dependencies": {
        "@libp2p/interface": "file:../interface",
        "@libp2p/logger": "next",
        "@libp2p/utils": "file:../utils",
        "get-iterator": "^2.0.1",
        "it-foreach": "^2.0.3",
        "it-pipe": "^3.0.1",
        "it-pushable": "^3.2.0",
        "uint8arraylist": "^2.4.3"
      },
      "engines": {
        "node": ">=16.0.0",
        "npm": ">=7.0.0"
      }
    },
    "yamux/node_modules/@libp2p/logger": {
      "version": "3.1.0-0b4a2ee79",
      "resolved": "https://registry.npmjs.org/@libp2p/logger/-/logger-3.1.0-0b4a2ee79.tgz",
      "integrity": "sha512-haeXJplYP29dYTkwLlGI/dc7nQuRTbRte7GeMcNwrmCeODM3uo3D0O7+qS6RulmRDbvWqs3muCxZyRFSU4oB+A==",
      "dependencies": {
        "@libp2p/interface": "0.1.6-0b4a2ee79",
        "@multiformats/multiaddr": "^12.1.10",
        "debug": "^4.3.4",
        "interface-datastore": "^8.2.0",
        "multiformats": "^12.1.3"
      }
    },
    "yamux/node_modules/@libp2p/logger/node_modules/@libp2p/interface": {
      "version": "0.1.6-0b4a2ee79",
      "resolved": "https://registry.npmjs.org/@libp2p/interface/-/interface-0.1.6-0b4a2ee79.tgz",
      "integrity": "sha512-MdxUr/x2pLsh6/VD+N05TbpfICF6IMaW0cYX2EogcybuDc1UneGvmY2QJBkqBYvougrF34TMezwgVmm82Ezjyg==",
      "dependencies": {
        "@multiformats/multiaddr": "^12.1.10",
        "it-pushable": "^3.2.1",
        "it-stream-types": "^2.0.1",
        "multiformats": "^12.1.3",
        "uint8arraylist": "^2.4.3"
      }
    }
  }
}
