
Microsoft Visual Studio Solution File, Format Version 12.00
# Visual Studio Version 17
VisualStudioVersion = 17.7.34018.315
MinimumVisualStudioVersion = 10.0.40219.1
Project("{9A19103F-16F7-4668-BE54-9A1E7A4F7556}") = "TestPlansApp", "TestPlansApp.csproj", "{4B9D7919-740C-4EF0-8890-AB43E6102952}"
EndProject
Global
	GlobalSection(SolutionConfigurationPlatforms) = preSolution
		Debug|Any CPU = Debug|Any CPU
		Release|Any CPU = Release|Any CPU
	EndGlobalSection
	GlobalSection(ProjectConfigurationPlatforms) = postSolution
		{4B9D7919-740C-4EF0-8890-AB43E6102952}.Debug|Any CPU.ActiveCfg = Debug|Any CPU
		{4B9D7919-740C-4EF0-8890-AB43E6102952}.Debug|Any CPU.Build.0 = Debug|Any CPU
		{4B9D7919-740C-4EF0-8890-AB43E6102952}.Release|Any CPU.ActiveCfg = Release|Any CPU
		{4B9D7919-740C-4EF0-8890-AB43E6102952}.Release|Any CPU.Build.0 = Release|Any CPU
	EndGlobalSection
	GlobalSection(SolutionProperties) = preSolution
		HideSolutionNode = FALSE
	EndGlobalSection
	GlobalSection(ExtensibilityGlobals) = postSolution
		SolutionGuid = {7BF72338-A0C5-4E70-A0F1-54B1EB8BB378}
	EndGlobalSection
EndGlobal
