{
  "name": "@libp2p/perf-js-libp2p-2-8",
  "lockfileVersion": 3,
  "requires": true,
  "packages": {
    "": {
      "name": "@libp2p/perf-js-libp2p-2-8",
      "dependencies": {
        "@multiformats/multiaddr": "^12.4.0"
      }
    },
    "node_modules/@chainsafe/is-ip": {
      "version": "2.1.0",
      "resolved": "https://registry.npmjs.org/@chainsafe/is-ip/-/is-ip-2.1.0.tgz",
      "integrity": "sha512-KIjt+6IfysQ4GCv66xihEitBjvhU/bixbbbFxdJ1sqCp4uJ0wuZiYBPhksZoy4lfaF0k9cwNzY5upEW/VWdw3w==",
      "license": "MIT"
    },
    "node_modules/@chainsafe/netmask": {
      "version": "2.0.0",
      "resolved": "https://registry.npmjs.org/@chainsafe/netmask/-/netmask-2.0.0.tgz",
      "integrity": "sha512-I3Z+6SWUoaljh3TBzCnCxjlUyN8tA+NAk5L6m9IxvCf1BENQTePzPMis97CoN/iMW1St3WN+AWCCRp+TTBRiDg==",
      "license": "MIT",
      "dependencies": {
        "@chainsafe/is-ip": "^2.0.1"
      }
    },
    "node_modules/@leichtgewicht/ip-codec": {
      "version": "2.0.5",
      "resolved": "https://registry.npmjs.org/@leichtgewicht/ip-codec/-/ip-codec-2.0.5.tgz",
      "integrity": "sha512-Vo+PSpZG2/fmgmiNzYK9qWRh8h/CHrwD0mo1h1DzL4yzHNSfWYujGTYsWGreD000gcgmZ7K4Ys6Tx9TxtsKdDw==",
      "license": "MIT"
    },
    "node_modules/@multiformats/dns": {
      "version": "1.0.6",
      "resolved": "https://registry.npmjs.org/@multiformats/dns/-/dns-1.0.6.tgz",
      "integrity": "sha512-nt/5UqjMPtyvkG9BQYdJ4GfLK3nMqGpFZOzf4hAmIa0sJh2LlS9YKXZ4FgwBDsaHvzZqR/rUFIywIc7pkHNNuw==",
      "license": "Apache-2.0 OR MIT",
      "dependencies": {
        "@types/dns-packet": "^5.6.5",
        "buffer": "^6.0.3",
        "dns-packet": "^5.6.1",
        "hashlru": "^2.3.0",
        "p-queue": "^8.0.1",
        "progress-events": "^1.0.0",
        "uint8arrays": "^5.0.2"
      }
    },
    "node_modules/@multiformats/multiaddr": {
      "version": "12.5.1",
      "resolved": "https://registry.npmjs.org/@multiformats/multiaddr/-/multiaddr-12.5.1.tgz",
      "integrity": "sha512-+DDlr9LIRUS8KncI1TX/FfUn8F2dl6BIxJgshS/yFQCNB5IAF0OGzcwB39g5NLE22s4qqDePv0Qof6HdpJ/4aQ==",
      "license": "Apache-2.0 OR MIT",
      "dependencies": {
        "@chainsafe/is-ip": "^2.0.1",
        "@chainsafe/netmask": "^2.0.0",
        "@multiformats/dns": "^1.0.3",
        "abort-error": "^1.0.1",
        "multiformats": "^13.0.0",
        "uint8-varint": "^2.0.1",
        "uint8arrays": "^5.0.0"
      }
    },
    "node_modules/@types/dns-packet": {
      "version": "5.6.5",
      "resolved": "https://registry.npmjs.org/@types/dns-packet/-/dns-packet-5.6.5.tgz",
      "integrity": "sha512-qXOC7XLOEe43ehtWJCMnQXvgcIpv6rPmQ1jXT98Ad8A3TB1Ue50jsCbSSSyuazScEuZ/Q026vHbrOTVkmwA+7Q==",
      "license": "MIT",
      "dependencies": {
        "@types/node": "*"
      }
    },
    "node_modules/@types/node": {
      "version": "24.2.0",
      "resolved": "https://registry.npmjs.org/@types/node/-/node-24.2.0.tgz",
      "integrity": "sha512-3xyG3pMCq3oYCNg7/ZP+E1ooTaGB4cG8JWRsqqOYQdbWNY4zbaV0Ennrd7stjiJEFZCaybcIgpTjJWHRfBSIDw==",
      "license": "MIT",
      "dependencies": {
        "undici-types": "~7.10.0"
      }
    },
    "node_modules/abort-error": {
      "version": "1.0.1",
      "resolved": "https://registry.npmjs.org/abort-error/-/abort-error-1.0.1.tgz",
      "integrity": "sha512-fxqCblJiIPdSXIUrxI0PL+eJG49QdP9SQ70qtB65MVAoMr2rASlOyAbJFOylfB467F/f+5BCLJJq58RYi7mGfg==",
      "license": "Apache-2.0 OR MIT"
    },
    "node_modules/base64-js": {
      "version": "1.5.1",
      "resolved": "https://registry.npmjs.org/base64-js/-/base64-js-1.5.1.tgz",
      "integrity": "sha512-AKpaYlHn8t4SVbOHCy+b5+KKgvR4vrsD8vbvrbiQJps7fKDTkjkDry6ji0rUJjC0kzbNePLwzxq8iypo41qeWA==",
      "funding": [
        {
          "type": "github",
          "url": "https://github.com/sponsors/feross"
        },
        {
          "type": "patreon",
          "url": "https://www.patreon.com/feross"
        },
        {
          "type": "consulting",
          "url": "https://feross.org/support"
        }
      ],
      "license": "MIT"
    },
    "node_modules/buffer": {
      "version": "6.0.3",
      "resolved": "https://registry.npmjs.org/buffer/-/buffer-6.0.3.tgz",
      "integrity": "sha512-FTiCpNxtwiZZHEZbcbTIcZjERVICn9yq/pDFkTl95/AxzD1naBctN7YO68riM/gLSDY7sdrMby8hofADYuuqOA==",
      "funding": [
        {
          "type": "github",
          "url": "https://github.com/sponsors/feross"
        },
        {
          "type": "patreon",
          "url": "https://www.patreon.com/feross"
        },
        {
          "type": "consulting",
          "url": "https://feross.org/support"
        }
      ],
      "license": "MIT",
      "dependencies": {
        "base64-js": "^1.3.1",
        "ieee754": "^1.2.1"
      }
    },
    "node_modules/dns-packet": {
      "version": "5.6.1",
      "resolved": "https://registry.npmjs.org/dns-packet/-/dns-packet-5.6.1.tgz",
      "integrity": "sha512-l4gcSouhcgIKRvyy99RNVOgxXiicE+2jZoNmaNmZ6JXiGajBOJAesk1OBlJuM5k2c+eudGdLxDqXuPCKIj6kpw==",
      "license": "MIT",
      "dependencies": {
        "@leichtgewicht/ip-codec": "^2.0.1"
      },
      "engines": {
        "node": ">=6"
      }
    },
    "node_modules/eventemitter3": {
      "version": "5.0.1",
      "resolved": "https://registry.npmjs.org/eventemitter3/-/eventemitter3-5.0.1.tgz",
      "integrity": "sha512-GWkBvjiSZK87ELrYOSESUYeVIc9mvLLf/nXalMOS5dYrgZq9o5OVkbZAVM06CVxYsCwH9BDZFPlQTlPA1j4ahA==",
      "license": "MIT"
    },
    "node_modules/hashlru": {
      "version": "2.3.0",
      "resolved": "https://registry.npmjs.org/hashlru/-/hashlru-2.3.0.tgz",
      "integrity": "sha512-0cMsjjIC8I+D3M44pOQdsy0OHXGLVz6Z0beRuufhKa0KfaD2wGwAev6jILzXsd3/vpnNQJmWyZtIILqM1N+n5A==",
      "license": "MIT"
    },
    "node_modules/ieee754": {
      "version": "1.2.1",
      "resolved": "https://registry.npmjs.org/ieee754/-/ieee754-1.2.1.tgz",
      "integrity": "sha512-dcyqhDvX1C46lXZcVqCpK+FtMRQVdIMN6/Df5js2zouUsqG7I6sFxitIC+7KYK29KdXOLHdu9zL4sFnoVQnqaA==",
      "funding": [
        {
          "type": "github",
          "url": "https://github.com/sponsors/feross"
        },
        {
          "type": "patreon",
          "url": "https://www.patreon.com/feross"
        },
        {
          "type": "consulting",
          "url": "https://feross.org/support"
        }
      ],
      "license": "BSD-3-Clause"
    },
    "node_modules/multiformats": {
      "version": "13.4.0",
      "resolved": "https://registry.npmjs.org/multiformats/-/multiformats-13.4.0.tgz",
      "integrity": "sha512-Mkb/QcclrJxKC+vrcIFl297h52QcKh2Az/9A5vbWytbQt4225UWWWmIuSsKksdww9NkIeYcA7DkfftyLuC/JSg==",
      "license": "Apache-2.0 OR MIT"
    },
    "node_modules/p-queue": {
      "version": "8.1.0",
      "resolved": "https://registry.npmjs.org/p-queue/-/p-queue-8.1.0.tgz",
      "integrity": "sha512-mxLDbbGIBEXTJL0zEx8JIylaj3xQ7Z/7eEVjcF9fJX4DBiH9oqe+oahYnlKKxm0Ci9TlWTyhSHgygxMxjIB2jw==",
      "license": "MIT",
      "dependencies": {
        "eventemitter3": "^5.0.1",
        "p-timeout": "^6.1.2"
      },
      "engines": {
        "node": ">=18"
      },
      "funding": {
        "url": "https://github.com/sponsors/sindresorhus"
      }
    },
    "node_modules/p-timeout": {
      "version": "6.1.4",
      "resolved": "https://registry.npmjs.org/p-timeout/-/p-timeout-6.1.4.tgz",
      "integrity": "sha512-MyIV3ZA/PmyBN/ud8vV9XzwTrNtR4jFrObymZYnZqMmW0zA8Z17vnT0rBgFE/TlohB+YCHqXMgZzb3Csp49vqg==",
      "license": "MIT",
      "engines": {
        "node": ">=14.16"
      },
      "funding": {
        "url": "https://github.com/sponsors/sindresorhus"
      }
    },
    "node_modules/progress-events": {
      "version": "1.0.1",
      "resolved": "https://registry.npmjs.org/progress-events/-/progress-events-1.0.1.tgz",
      "integrity": "sha512-MOzLIwhpt64KIVN64h1MwdKWiyKFNc/S6BoYKPIVUHFg0/eIEyBulhWCgn678v/4c0ri3FdGuzXymNCv02MUIw==",
      "license": "Apache-2.0 OR MIT"
    },
    "node_modules/uint8-varint": {
      "version": "2.0.4",
      "resolved": "https://registry.npmjs.org/uint8-varint/-/uint8-varint-2.0.4.tgz",
      "integrity": "sha512-FwpTa7ZGA/f/EssWAb5/YV6pHgVF1fViKdW8cWaEarjB8t7NyofSWBdOTyFPaGuUG4gx3v1O3PQ8etsiOs3lcw==",
      "license": "Apache-2.0 OR MIT",
      "dependencies": {
        "uint8arraylist": "^2.0.0",
        "uint8arrays": "^5.0.0"
      }
    },
    "node_modules/uint8arraylist": {
      "version": "2.4.8",
      "resolved": "https://registry.npmjs.org/uint8arraylist/-/uint8arraylist-2.4.8.tgz",
      "integrity": "sha512-vc1PlGOzglLF0eae1M8mLRTBivsvrGsdmJ5RbK3e+QRvRLOZfZhQROTwH/OfyF3+ZVUg9/8hE8bmKP2CvP9quQ==",
      "license": "Apache-2.0 OR MIT",
      "dependencies": {
        "uint8arrays": "^5.0.1"
      }
    },
    "node_modules/uint8arrays": {
      "version": "5.1.0",
      "resolved": "https://registry.npmjs.org/uint8arrays/-/uint8arrays-5.1.0.tgz",
      "integrity": "sha512-vA6nFepEmlSKkMBnLBaUMVvAC4G3CTmO58C12y4sq6WPDOR7mOFYOi7GlrQ4djeSbP6JG9Pv9tJDM97PedRSww==",
      "license": "Apache-2.0 OR MIT",
      "dependencies": {
        "multiformats": "^13.0.0"
      }
    },
    "node_modules/undici-types": {
      "version": "7.10.0",
      "resolved": "https://registry.npmjs.org/undici-types/-/undici-types-7.10.0.tgz",
      "integrity": "sha512-t5Fy/nfn+14LuOc2KNYg75vZqClpAiqscVvMygNnlsHBFpSXdJaYtXMcdNLpl/Qvc3P2cB3s6lOV51nqsFq4ag==",
      "license": "MIT"
    }
  }
}
