{
  "name": "@libp2p/perf-js-libp2p-1-0",
  "lockfileVersion": 3,
  "requires": true,
  "packages": {
    "": {
      "name": "@libp2p/perf-js-libp2p-1-0",
      "dependencies": {
        "@chainsafe/libp2p-noise": "^14.0.0",
        "@chainsafe/libp2p-yamux": "^6.0.1",
        "@libp2p/perf": "^3.0.4",
        "@libp2p/tcp": "^9.0.4",
        "libp2p": "^1.0.5"
      }
    },
    "node_modules/@chainsafe/as-chacha20poly1305": {
      "version": "0.1.0",
      "resolved": "https://registry.npmjs.org/@chainsafe/as-chacha20poly1305/-/as-chacha20poly1305-0.1.0.tgz",
      "integrity": "sha512-BpNcL8/lji/GM3+vZ/bgRWqJ1q5kwvTFmGPk7pxm/QQZDbaMI98waOHjEymTjq2JmdD/INdNBFOVSyJofXg7ew=="
    },
    "node_modules/@chainsafe/as-sha256": {
      "version": "0.4.1",
      "resolved": "https://registry.npmjs.org/@chainsafe/as-sha256/-/as-sha256-0.4.1.tgz",
      "integrity": "sha512-IqeeGwQihK6Y2EYLFofqs2eY2ep1I2MvQXHzOAI+5iQN51OZlUkrLgyAugu2x86xZewDk5xas7lNczkzFzF62w=="
    },
    "node_modules/@chainsafe/is-ip": {
      "version": "2.0.2",
      "resolved": "https://registry.npmjs.org/@chainsafe/is-ip/-/is-ip-2.0.2.tgz",
      "integrity": "sha512-ndGqEMG1W5WkGagaqOZHpPU172AGdxr+LD15sv3WIUvT5oCFUrG1Y0CW/v2Egwj4JXEvSibaIIIqImsm98y1nA=="
    },
    "node_modules/@chainsafe/libp2p-noise": {
      "version": "14.0.0",
      "resolved": "https://registry.npmjs.org/@chainsafe/libp2p-noise/-/libp2p-noise-14.0.0.tgz",
      "integrity": "sha512-/E7QnSL24APpfXTj/YRS/EVRvTATg09+AwqEUGs+OeLFcO/DwPal3W6pj7c4eyJFSgxnegbpbgiH8EBvTZ4Iwg==",
      "dependencies": {
        "@chainsafe/as-chacha20poly1305": "^0.1.0",
        "@chainsafe/as-sha256": "^0.4.1",
        "@libp2p/crypto": "^3.0.0",
        "@libp2p/interface": "^1.0.0",
        "@libp2p/peer-id": "^4.0.0",
        "@noble/ciphers": "^0.4.0",
        "@noble/curves": "^1.1.0",
        "@noble/hashes": "^1.3.1",
        "it-byte-stream": "^1.0.0",
        "it-length-prefixed": "^9.0.1",
        "it-length-prefixed-stream": "^1.0.0",
        "it-pair": "^2.0.6",
        "it-pipe": "^3.0.1",
        "it-stream-types": "^2.0.1",
        "protons-runtime": "^5.0.0",
        "uint8arraylist": "^2.4.3",
        "uint8arrays": "^4.0.4",
        "wherearewe": "^2.0.1"
      },
      "engines": {
        "node": ">=16.0.0",
        "npm": ">=7.0.0"
      }
    },
    "node_modules/@chainsafe/libp2p-yamux": {
      "version": "6.0.1",
      "resolved": "https://registry.npmjs.org/@chainsafe/libp2p-yamux/-/libp2p-yamux-6.0.1.tgz",
      "integrity": "sha512-8ar6jph9ZuUUxQ8t8W1MaZqH7f7KvGK2wR7TDGnN0r4QtZc07ICNgVjnolnI9/8bclrI5Um4uMa8QCYKTrdvDQ==",
      "dependencies": {
        "@libp2p/interface": "^1.0.0",
        "@libp2p/utils": "^5.0.0",
        "get-iterator": "^2.0.1",
        "it-foreach": "^2.0.3",
        "it-pipe": "^3.0.1",
        "it-pushable": "^3.2.0",
        "uint8arraylist": "^2.4.3"
      }
    },
    "node_modules/@chainsafe/netmask": {
      "version": "2.0.0",
      "resolved": "https://registry.npmjs.org/@chainsafe/netmask/-/netmask-2.0.0.tgz",
      "integrity": "sha512-I3Z+6SWUoaljh3TBzCnCxjlUyN8tA+NAk5L6m9IxvCf1BENQTePzPMis97CoN/iMW1St3WN+AWCCRp+TTBRiDg==",
      "dependencies": {
        "@chainsafe/is-ip": "^2.0.1"
      }
    },
    "node_modules/@libp2p/crypto": {
      "version": "3.0.1",
      "resolved": "https://registry.npmjs.org/@libp2p/crypto/-/crypto-3.0.1.tgz",
      "integrity": "sha512-CvqzsWvAYaga/Du3gDRChN9d8PUnOoCQg3VlugKf6tfw5+1pd7sMDhyMLajXqFsWqQUY6FojgB1TS4izpODMpw==",
      "dependencies": {
        "@libp2p/interface": "^1.0.1",
        "@noble/curves": "^1.1.0",
        "@noble/hashes": "^1.3.1",
        "multiformats": "^12.1.3",
        "node-forge": "^1.1.0",
        "protons-runtime": "^5.0.0",
        "uint8arraylist": "^2.4.3",
        "uint8arrays": "^4.0.6"
      }
    },
    "node_modules/@libp2p/interface": {
      "version": "1.0.1",
      "resolved": "https://registry.npmjs.org/@libp2p/interface/-/interface-1.0.1.tgz",
      "integrity": "sha512-TRo1YxJ+AVjt5ms+mTOp8xcoCis5HAUMzv0XfCvxtIw77Bog6TPR5VdkGutlEQOKUMzXtLP0lW88fTQBeiiOnA==",
      "dependencies": {
        "@multiformats/multiaddr": "^12.1.10",
        "it-pushable": "^3.2.1",
        "it-stream-types": "^2.0.1",
        "multiformats": "^12.1.3",
        "uint8arraylist": "^2.4.3"
      }
    },
    "node_modules/@libp2p/interface-internal": {
      "version": "1.0.1",
      "resolved": "https://registry.npmjs.org/@libp2p/interface-internal/-/interface-internal-1.0.1.tgz",
      "integrity": "sha512-mJ2uWPzjnIk9Y1/Ca/xk0coz8PCg8tnAQgxN+GNG0cdAbY6Wu7dNDm0P3aTh9NYfjCp+5nzSSEE2UW/nr7TB9Q==",
      "dependencies": {
        "@libp2p/interface": "^1.0.1",
        "@libp2p/peer-collections": "^5.0.0",
        "@multiformats/multiaddr": "^12.1.10",
        "uint8arraylist": "^2.4.3"
      }
    },
    "node_modules/@libp2p/logger": {
      "version": "4.0.1",
      "resolved": "https://registry.npmjs.org/@libp2p/logger/-/logger-4.0.1.tgz",
      "integrity": "sha512-d7kJmbkphNvEI3Da4so+4nxUJhwW/T/d8Pd+aQIuT27RYNeVoRfkFkjYwPIP+NvJXtU4LDju7VDPLbPbU2zFGA==",
      "dependencies": {
        "@libp2p/interface": "^1.0.1",
        "@multiformats/multiaddr": "^12.1.10",
        "debug": "^4.3.4",
        "interface-datastore": "^8.2.0",
        "multiformats": "^12.1.3"
      }
    },
    "node_modules/@libp2p/multistream-select": {
      "version": "5.0.0",
      "resolved": "https://registry.npmjs.org/@libp2p/multistream-select/-/multistream-select-5.0.0.tgz",
      "integrity": "sha512-1y4b8he9djNQYteKFRnDisryOGV70SQOaSuiNJgKaIPFFJ9DwYbz/ZCV0k0Ld4zqB4Ncm8ibBmyYuZg+yoOBuQ==",
      "dependencies": {
        "@libp2p/interface": "^1.0.1",
        "it-length-prefixed": "^9.0.3",
        "it-length-prefixed-stream": "^1.1.1",
        "it-pipe": "^3.0.1",
        "it-stream-types": "^2.0.1",
        "p-defer": "^4.0.0",
        "uint8-varint": "^2.0.2",
        "uint8arraylist": "^2.4.3",
        "uint8arrays": "^4.0.6"
      }
    },
    "node_modules/@libp2p/peer-collections": {
      "version": "5.0.0",
      "resolved": "https://registry.npmjs.org/@libp2p/peer-collections/-/peer-collections-5.0.0.tgz",
      "integrity": "sha512-2h6BF6t68TxnsErZrPzkMapH0GpZSCmOaimUMidrs9oSnxIMf62QnNAbfar8U2XbXnPJD9WkEicnSuJgDwg8Vw==",
      "dependencies": {
        "@libp2p/interface": "^1.0.1",
        "@libp2p/peer-id": "^4.0.1"
      }
    },
    "node_modules/@libp2p/peer-id": {
      "version": "4.0.1",
      "resolved": "https://registry.npmjs.org/@libp2p/peer-id/-/peer-id-4.0.1.tgz",
      "integrity": "sha512-rEgZ4YPSVh7gqIXxWE9HVw318Og8fJohI2vWXNx2h+Ib/iMQTGrqGgSaJhjUMWYIy8MadpjofCPXObPEIX3E3g==",
      "dependencies": {
        "@libp2p/interface": "^1.0.1",
        "multiformats": "^12.1.3",
        "uint8arrays": "^4.0.6"
      }
    },
    "node_modules/@libp2p/peer-id-factory": {
      "version": "4.0.0",
      "resolved": "https://registry.npmjs.org/@libp2p/peer-id-factory/-/peer-id-factory-4.0.0.tgz",
      "integrity": "sha512-dFbQOpxqEw4CqV+ZalMc5UABqts+hskMoaqytjmR55pXgL4KDamOyg7hBT/HrHRp2sStf8E2vwQ5wnjv1W9uFQ==",
      "dependencies": {
        "@libp2p/crypto": "^3.0.1",
        "@libp2p/interface": "^1.0.1",
        "@libp2p/peer-id": "^4.0.1",
        "multiformats": "^12.1.3",
        "protons-runtime": "^5.0.0",
        "uint8arraylist": "^2.4.3",
        "uint8arrays": "^4.0.6"
      }
    },
    "node_modules/@libp2p/peer-record": {
      "version": "7.0.0",
      "resolved": "https://registry.npmjs.org/@libp2p/peer-record/-/peer-record-7.0.0.tgz",
      "integrity": "sha512-Kr5XgyRzqJjK4rBu+QA2e2zGT59rp2OKD8kviwpE4NwKWyDs85JaRduorso9KujJG/F0uZI8tOhPjadO1Lwatw==",
      "dependencies": {
        "@libp2p/crypto": "^3.0.1",
        "@libp2p/interface": "^1.0.1",
        "@libp2p/peer-id": "^4.0.1",
        "@libp2p/utils": "^5.0.2",
        "@multiformats/multiaddr": "^12.1.10",
        "protons-runtime": "^5.0.0",
        "uint8-varint": "^2.0.0",
        "uint8arraylist": "^2.4.3",
        "uint8arrays": "^4.0.6"
      }
    },
    "node_modules/@libp2p/peer-store": {
      "version": "10.0.0",
      "resolved": "https://registry.npmjs.org/@libp2p/peer-store/-/peer-store-10.0.0.tgz",
      "integrity": "sha512-DQilgZXfwokKTbr1EDQssIfn5bAMLCEUronhqy9VEIrF7mkiSqjsBtOcftDEJT4dXhDOV8F7mifznvJI32tZIA==",
      "dependencies": {
        "@libp2p/interface": "^1.0.1",
        "@libp2p/peer-collections": "^5.0.0",
        "@libp2p/peer-id": "^4.0.1",
        "@libp2p/peer-id-factory": "^4.0.0",
        "@libp2p/peer-record": "^7.0.0",
        "@multiformats/multiaddr": "^12.1.10",
        "interface-datastore": "^8.2.0",
        "it-all": "^3.0.2",
        "mortice": "^3.0.1",
        "multiformats": "^12.1.3",
        "protons-runtime": "^5.0.0",
        "uint8arraylist": "^2.4.3",
        "uint8arrays": "^4.0.6"
      }
    },
    "node_modules/@libp2p/perf": {
      "version": "3.0.4",
      "resolved": "https://registry.npmjs.org/@libp2p/perf/-/perf-3.0.4.tgz",
      "integrity": "sha512-keoLx6WkhWn+W5IA6Y4m/N1JxfLdpReXdDmrNMDwoLFsymWI0KmCUq/wQRT3l2T+xRlSPthg+Q7/QabJDSU3ig==",
      "dependencies": {
        "@libp2p/interface": "^1.0.1",
        "@libp2p/interface-internal": "^1.0.1",
        "@multiformats/multiaddr": "^12.1.10",
        "it-pushable": "^3.2.3"
      }
    },
    "node_modules/@libp2p/tcp": {
      "version": "9.0.4",
      "resolved": "https://registry.npmjs.org/@libp2p/tcp/-/tcp-9.0.4.tgz",
      "integrity": "sha512-q3wAZMhEUXIEKnHPPHEjcO564P7pIkCWazC8SUGIPRLbmuSnni8cT2kd/Jx6xSv5ZOK2LHzJSKodLlpfi1Gmzg==",
      "dependencies": {
        "@libp2p/interface": "^1.0.1",
        "@libp2p/utils": "^5.0.2",
        "@multiformats/mafmt": "^12.1.6",
        "@multiformats/multiaddr": "^12.1.10",
        "@types/sinon": "^17.0.0",
        "stream-to-it": "^0.2.2"
      }
    },
    "node_modules/@libp2p/utils": {
      "version": "5.0.2",
      "resolved": "https://registry.npmjs.org/@libp2p/utils/-/utils-5.0.2.tgz",
      "integrity": "sha512-PcDAH8pwtXq0pfoO9arHtg3CsqF+reheUd0OaQ9/Fn0YjjNpqcpseQyByBiwhiuQsauWo5RU+CKqRaRdvXKemA==",
      "dependencies": {
        "@chainsafe/is-ip": "^2.0.2",
        "@libp2p/interface": "^1.0.1",
        "@multiformats/multiaddr": "^12.1.10",
        "@multiformats/multiaddr-matcher": "^1.1.0",
        "get-iterator": "^2.0.1",
        "is-loopback-addr": "^2.0.1",
        "it-pushable": "^3.2.2",
        "it-stream-types": "^2.0.1",
        "p-queue": "^7.4.1",
        "private-ip": "^3.0.1",
        "race-signal": "^1.0.1",
        "uint8arraylist": "^2.4.3"
      }
    },
    "node_modules/@multiformats/mafmt": {
      "version": "12.1.6",
      "resolved": "https://registry.npmjs.org/@multiformats/mafmt/-/mafmt-12.1.6.tgz",
      "integrity": "sha512-tlJRfL21X+AKn9b5i5VnaTD6bNttpSpcqwKVmDmSHLwxoz97fAHaepqFOk/l1fIu94nImIXneNbhsJx/RQNIww==",
      "dependencies": {
        "@multiformats/multiaddr": "^12.0.0"
      }
    },
    "node_modules/@multiformats/multiaddr": {
      "version": "12.1.11",
      "resolved": "https://registry.npmjs.org/@multiformats/multiaddr/-/multiaddr-12.1.11.tgz",
      "integrity": "sha512-CWG9kETEGTTMdr1T+/JEuMwFld3r3fHNP8LkLoUcLvHRy6yr8sWdotVGEDNEdDO/vrKhuD7bQBws3xMSMMyylg==",
      "dependencies": {
        "@chainsafe/is-ip": "^2.0.1",
        "@chainsafe/netmask": "^2.0.0",
        "@libp2p/interface": "^1.0.0",
        "dns-over-http-resolver": "3.0.0",
        "multiformats": "^12.0.1",
        "uint8-varint": "^2.0.1",
        "uint8arrays": "^4.0.2"
      }
    },
    "node_modules/@multiformats/multiaddr-matcher": {
      "version": "1.1.0",
      "resolved": "https://registry.npmjs.org/@multiformats/multiaddr-matcher/-/multiaddr-matcher-1.1.0.tgz",
      "integrity": "sha512-B/QbKpAxaHYVXFnbTdTgYqPDxmqoF2RYffwYoOv1MWfi2vBCZLdzmEKUBKv6fQr6s+LJFSHn2j2vczmwMFCQIA==",
      "dependencies": {
        "@chainsafe/is-ip": "^2.0.1",
        "@multiformats/multiaddr": "^12.0.0",
        "multiformats": "^12.0.1"
      }
    },
    "node_modules/@noble/ciphers": {
      "version": "0.4.0",
      "resolved": "https://registry.npmjs.org/@noble/ciphers/-/ciphers-0.4.0.tgz",
      "integrity": "sha512-xaUaUUDWbHIFSxaQ/pIe+33VG2mfJp6N/KxKLmZr5biWdNznCAmfu24QRhX10BbVAuqOahAoyp0S4M9md6GPDw==",
      "funding": {
        "url": "https://paulmillr.com/funding/"
      }
    },
    "node_modules/@noble/curves": {
      "version": "1.2.0",
      "resolved": "https://registry.npmjs.org/@noble/curves/-/curves-1.2.0.tgz",
      "integrity": "sha512-oYclrNgRaM9SsBUBVbb8M6DTV7ZHRTKugureoYEncY5c65HOmRzvSiTE3y5CYaPYJA/GVkrhXEoF0M3Ya9PMnw==",
      "dependencies": {
        "@noble/hashes": "1.3.2"
      },
      "funding": {
        "url": "https://paulmillr.com/funding/"
      }
    },
    "node_modules/@noble/hashes": {
      "version": "1.3.2",
      "resolved": "https://registry.npmjs.org/@noble/hashes/-/hashes-1.3.2.tgz",
      "integrity": "sha512-MVC8EAQp7MvEcm30KWENFjgR+Mkmf+D189XJTkFIlwohU5hcBbn1ZkKq7KVTi2Hme3PMGF390DaL52beVrIihQ==",
      "engines": {
        "node": ">= 16"
      },
      "funding": {
        "url": "https://paulmillr.com/funding/"
      }
    },
    "node_modules/@types/sinon": {
      "version": "17.0.2",
      "resolved": "https://registry.npmjs.org/@types/sinon/-/sinon-17.0.2.tgz",
      "integrity": "sha512-Zt6heIGsdqERkxctIpvN5Pv3edgBrhoeb3yHyxffd4InN0AX2SVNKSrhdDZKGQICVOxWP/q4DyhpfPNMSrpIiA==",
      "dependencies": {
        "@types/sinonjs__fake-timers": "*"
      }
    },
    "node_modules/@types/sinonjs__fake-timers": {
      "version": "8.1.5",
      "resolved": "https://registry.npmjs.org/@types/sinonjs__fake-timers/-/sinonjs__fake-timers-8.1.5.tgz",
      "integrity": "sha512-mQkU2jY8jJEF7YHjHvsQO8+3ughTL1mcnn96igfhONmR+fUPSKIkefQYpSe8bsly2Ep7oQbn/6VG5/9/0qcArQ=="
    },
    "node_modules/any-signal": {
      "version": "4.1.1",
      "resolved": "https://registry.npmjs.org/any-signal/-/any-signal-4.1.1.tgz",
      "integrity": "sha512-iADenERppdC+A2YKbOXXB2WUeABLaM6qnpZ70kZbPZ1cZMMJ7eF+3CaYm+/PhBizgkzlvssC7QuHS30oOiQYWA==",
      "engines": {
        "node": ">=16.0.0",
        "npm": ">=7.0.0"
      }
    },
    "node_modules/datastore-core": {
      "version": "9.2.5",
      "resolved": "https://registry.npmjs.org/datastore-core/-/datastore-core-9.2.5.tgz",
      "integrity": "sha512-3Z54iBjwj4KDp5Se4aZRYWnjv1OlQgPfrEF2X+T9rlet8Pe3AKRLVYx0v+11PuL+47d7w0Vc/4847Ylas6fEbQ==",
      "dependencies": {
        "@libp2p/logger": "^4.0.1",
        "err-code": "^3.0.1",
        "interface-store": "^5.0.0",
        "it-all": "^3.0.1",
        "it-drain": "^3.0.1",
        "it-filter": "^3.0.0",
        "it-map": "^3.0.1",
        "it-merge": "^3.0.1",
        "it-pipe": "^3.0.0",
        "it-pushable": "^3.0.0",
        "it-sort": "^3.0.1",
        "it-take": "^3.0.1",
        "uint8arrays": "^4.0.2"
      }
    },
    "node_modules/debug": {
      "version": "4.3.4",
      "resolved": "https://registry.npmjs.org/debug/-/debug-4.3.4.tgz",
      "integrity": "sha512-PRWFHuSU3eDtQJPvnNY7Jcket1j0t5OuOsFzPPzsekD52Zl8qUfFIPEiswXqIvHWGVHOgX+7G/vCNNhehwxfkQ==",
      "dependencies": {
        "ms": "2.1.2"
      },
      "engines": {
        "node": ">=6.0"
      },
      "peerDependenciesMeta": {
        "supports-color": {
          "optional": true
        }
      }
    },
    "node_modules/delay": {
      "version": "6.0.0",
      "resolved": "https://registry.npmjs.org/delay/-/delay-6.0.0.tgz",
      "integrity": "sha512-2NJozoOHQ4NuZuVIr5CWd0iiLVIRSDepakaovIN+9eIDHEhdCAEvSy2cuf1DCrPPQLvHmbqTHODlhHg8UCy4zw==",
      "engines": {
        "node": ">=16"
      },
      "funding": {
        "url": "https://github.com/sponsors/sindresorhus"
      }
    },
    "node_modules/dns-over-http-resolver": {
      "version": "3.0.0",
      "resolved": "https://registry.npmjs.org/dns-over-http-resolver/-/dns-over-http-resolver-3.0.0.tgz",
      "integrity": "sha512-5+BI+B7n8LKhNaEZBYErr+CBd9t5nYtjunByLhrLGtZ+i3TRgiU8yE87pCjEBu2KOwNsD9ljpSXEbZ4S8xih5g==",
      "dependencies": {
        "debug": "^4.3.4",
        "receptacle": "^1.3.2"
      }
    },
    "node_modules/err-code": {
      "version": "3.0.1",
      "resolved": "https://registry.npmjs.org/err-code/-/err-code-3.0.1.tgz",
      "integrity": "sha512-GiaH0KJUewYok+eeY05IIgjtAe4Yltygk9Wqp1V5yVWLdhf0hYZchRjNIT9bb0mSwRcIusT3cx7PJUf3zEIfUA=="
    },
    "node_modules/eventemitter3": {
      "version": "5.0.1",
      "resolved": "https://registry.npmjs.org/eventemitter3/-/eventemitter3-5.0.1.tgz",
      "integrity": "sha512-GWkBvjiSZK87ELrYOSESUYeVIc9mvLLf/nXalMOS5dYrgZq9o5OVkbZAVM06CVxYsCwH9BDZFPlQTlPA1j4ahA=="
    },
    "node_modules/get-iterator": {
      "version": "2.0.1",
      "resolved": "https://registry.npmjs.org/get-iterator/-/get-iterator-2.0.1.tgz",
      "integrity": "sha512-7HuY/hebu4gryTDT7O/XY/fvY9wRByEGdK6QOa4of8npTcv0+NS6frFKABcf6S9EBAsveTuKTsZQQBFMMNILIg=="
    },
    "node_modules/interface-datastore": {
      "version": "8.2.7",
      "resolved": "https://registry.npmjs.org/interface-datastore/-/interface-datastore-8.2.7.tgz",
      "integrity": "sha512-ot5B5+VogufRfjhedAXZHm5NuEKyYZkDyVpTjBYIrxYUpS5GIfF2soE/dsd/FiBVqubcxa4IEToMXL5ruMwhjw==",
      "dependencies": {
        "interface-store": "^5.0.0",
        "nanoid": "^5.0.3",
        "uint8arrays": "^4.0.2"
      }
    },
    "node_modules/interface-store": {
      "version": "5.1.5",
      "resolved": "https://registry.npmjs.org/interface-store/-/interface-store-5.1.5.tgz",
      "integrity": "sha512-X0KnJBk3o+YL13MxZBMwa88/b3Mdrpm0yPzkSTKDDVn9BSPH7UK6W+ZtIPO2bxKOQVmq7zqOwAnYnpfqWjb6/g=="
    },
    "node_modules/ip-regex": {
      "version": "5.0.0",
      "resolved": "https://registry.npmjs.org/ip-regex/-/ip-regex-5.0.0.tgz",
      "integrity": "sha512-fOCG6lhoKKakwv+C6KdsOnGvgXnmgfmp0myi3bcNwj3qfwPAxRKWEuFhvEFF7ceYIz6+1jRZ+yguLFAmUNPEfw==",
      "engines": {
        "node": "^12.20.0 || ^14.13.1 || >=16.0.0"
      },
      "funding": {
        "url": "https://github.com/sponsors/sindresorhus"
      }
    },
    "node_modules/ipaddr.js": {
      "version": "2.1.0",
      "resolved": "https://registry.npmjs.org/ipaddr.js/-/ipaddr.js-2.1.0.tgz",
      "integrity": "sha512-LlbxQ7xKzfBusov6UMi4MFpEg0m+mAm9xyNGEduwXMEDuf4WfzB/RZwMVYEd7IKGvh4IUkEXYxtAVu9T3OelJQ==",
      "engines": {
        "node": ">= 10"
      }
    },
    "node_modules/is-electron": {
      "version": "2.2.2",
      "resolved": "https://registry.npmjs.org/is-electron/-/is-electron-2.2.2.tgz",
      "integrity": "sha512-FO/Rhvz5tuw4MCWkpMzHFKWD2LsfHzIb7i6MdPYZ/KW7AlxawyLkqdy+jPZP1WubqEADE3O4FUENlJHDfQASRg=="
    },
    "node_modules/is-loopback-addr": {
      "version": "2.0.2",
      "resolved": "https://registry.npmjs.org/is-loopback-addr/-/is-loopback-addr-2.0.2.tgz",
      "integrity": "sha512-26POf2KRCno/KTNL5Q0b/9TYnL00xEsSaLfiFRmjM7m7Lw7ZMmFybzzuX4CcsLAluZGd+niLUiMRxEooVE3aqg=="
    },
    "node_modules/is-plain-obj": {
      "version": "2.1.0",
      "resolved": "https://registry.npmjs.org/is-plain-obj/-/is-plain-obj-2.1.0.tgz",
      "integrity": "sha512-YWnfyRwxL/+SsrWYfOpUtz5b3YD+nyfkHvjbcanzk8zgyO4ASD67uVMRt8k5bM4lLMDnXfriRhOpemw+NfT1eA==",
      "engines": {
        "node": ">=8"
      }
    },
    "node_modules/it-all": {
      "version": "3.0.4",
      "resolved": "https://registry.npmjs.org/it-all/-/it-all-3.0.4.tgz",
      "integrity": "sha512-UMiy0i9DqCHBdWvMbzdYvVGa5/w4t1cc4nchpbnjdLhklglv8mQeEYnii0gvKESJuL1zV32Cqdb33R6/GPfxpQ=="
    },
    "node_modules/it-byte-stream": {
      "version": "1.0.5",
      "resolved": "https://registry.npmjs.org/it-byte-stream/-/it-byte-stream-1.0.5.tgz",
      "integrity": "sha512-wGHbXPE0ZiU0poJTgCNOW06+mh9yyCwdF8bVv0zxchgql6CMQd/2NEXXtmwWE+N65st8bi/KWUWcMU2pJU2fEw==",
      "dependencies": {
        "it-stream-types": "^2.0.1",
        "p-defer": "^4.0.0",
        "race-signal": "^1.0.1",
        "uint8arraylist": "^2.4.1"
      }
    },
    "node_modules/it-drain": {
      "version": "3.0.5",
      "resolved": "https://registry.npmjs.org/it-drain/-/it-drain-3.0.5.tgz",
      "integrity": "sha512-qYFe4SWdvs9oJGUY5bSjvmiLUMLzFEODNOQUdYdCIkuIgQF+AUB2INhM4yQ09buJ2rhHKDFxvTD/+yUq6qg0XA=="
    },
    "node_modules/it-filter": {
      "version": "3.0.4",
      "resolved": "https://registry.npmjs.org/it-filter/-/it-filter-3.0.4.tgz",
      "integrity": "sha512-e0sz+st4sudK/zH6GZ/gRTRP8A/ADuJFCYDmRgMbZvR79y5+v4ZXav850bBZk5wL9zXaYZFxS1v/6Qi+Vjwh5g==",
      "dependencies": {
        "it-peekable": "^3.0.0"
      }
    },
    "node_modules/it-first": {
      "version": "3.0.4",
      "resolved": "https://registry.npmjs.org/it-first/-/it-first-3.0.4.tgz",
      "integrity": "sha512-FtQl84iTNxN5EItP/JgL28V2rzNMkCzTUlNoj41eVdfix2z1DBuLnBqZ0hzYhGGa1rMpbQf0M7CQSA2adlrLJg=="
    },
    "node_modules/it-foreach": {
      "version": "2.0.6",
      "resolved": "https://registry.npmjs.org/it-foreach/-/it-foreach-2.0.6.tgz",
      "integrity": "sha512-OVosBHJsdXpAyeFlCbe3IGZia+65UykyAznakNsKXK+b99dbhuu/mOnXxTadDEo1GWhKx+WA8RNanKkMf07zQw==",
      "dependencies": {
        "it-peekable": "^3.0.0"
      }
    },
    "node_modules/it-length-prefixed": {
      "version": "9.0.3",
      "resolved": "https://registry.npmjs.org/it-length-prefixed/-/it-length-prefixed-9.0.3.tgz",
      "integrity": "sha512-YAu424ceYpXctxtjcLOqn7vJq082CaoP8J646ZusYISfQc3bpzQErgTUqMFj81V262KG2W9/YMBHsy6A/4yvmg==",
      "dependencies": {
        "err-code": "^3.0.1",
        "it-reader": "^6.0.1",
        "it-stream-types": "^2.0.1",
        "uint8-varint": "^2.0.1",
        "uint8arraylist": "^2.0.0",
        "uint8arrays": "^4.0.2"
      },
      "engines": {
        "node": ">=16.0.0",
        "npm": ">=7.0.0"
      }
    },
    "node_modules/it-length-prefixed-stream": {
      "version": "1.1.4",
      "resolved": "https://registry.npmjs.org/it-length-prefixed-stream/-/it-length-prefixed-stream-1.1.4.tgz",
      "integrity": "sha512-6YcQ5jsaYnuXBqF+oSGjSdSY9jF7HWl7yh+dxYytXxbE2GcdiOpn6pLM7m6AlIID9MCzQqMY5nOzaiatQ8A3/A==",
      "dependencies": {
        "it-byte-stream": "^1.0.0",
        "it-length-prefixed": "^9.0.1",
        "it-stream-types": "^2.0.1",
        "uint8-varint": "^2.0.1",
        "uint8arraylist": "^2.4.1"
      }
    },
    "node_modules/it-map": {
      "version": "3.0.5",
      "resolved": "https://registry.npmjs.org/it-map/-/it-map-3.0.5.tgz",
      "integrity": "sha512-hB0TDXo/h4KSJJDSRLgAPmDroiXP6Fx1ck4Bzl3US9hHfZweTKsuiP0y4gXuTMcJlS6vj0bb+f70rhkD47ZA3w==",
      "dependencies": {
        "it-peekable": "^3.0.0"
      }
    },
    "node_modules/it-merge": {
      "version": "3.0.3",
      "resolved": "https://registry.npmjs.org/it-merge/-/it-merge-3.0.3.tgz",
      "integrity": "sha512-FYVU15KC5pb/GQX1Ims+lee8d4pdqGVCpWr0lkNj8o4xuNo7jY71k6GuEiWdP+T7W1bJqewSxX5yoTy5yZpRVA==",
      "dependencies": {
        "it-pushable": "^3.2.0"
      }
    },
    "node_modules/it-pair": {
      "version": "2.0.6",
      "resolved": "https://registry.npmjs.org/it-pair/-/it-pair-2.0.6.tgz",
      "integrity": "sha512-5M0t5RAcYEQYNG5BV7d7cqbdwbCAp5yLdzvkxsZmkuZsLbTdZzah6MQySYfaAQjNDCq6PUnDt0hqBZ4NwMfW6g==",
      "dependencies": {
        "it-stream-types": "^2.0.1",
        "p-defer": "^4.0.0"
      },
      "engines": {
        "node": ">=16.0.0",
        "npm": ">=7.0.0"
      }
    },
    "node_modules/it-peekable": {
      "version": "3.0.3",
      "resolved": "https://registry.npmjs.org/it-peekable/-/it-peekable-3.0.3.tgz",
      "integrity": "sha512-Wx21JX/rMzTEl9flx3DGHuPV1KQFGOl8uoKfQtmZHgPQtGb89eQ6RyVd82h3HuP9Ghpt0WgBDlmmdWeHXqyx7w=="
    },
    "node_modules/it-pipe": {
      "version": "3.0.1",
      "resolved": "https://registry.npmjs.org/it-pipe/-/it-pipe-3.0.1.tgz",
      "integrity": "sha512-sIoNrQl1qSRg2seYSBH/3QxWhJFn9PKYvOf/bHdtCBF0bnghey44VyASsWzn5dAx0DCDDABq1hZIuzKmtBZmKA==",
      "dependencies": {
        "it-merge": "^3.0.0",
        "it-pushable": "^3.1.2",
        "it-stream-types": "^2.0.1"
      },
      "engines": {
        "node": ">=16.0.0",
        "npm": ">=7.0.0"
      }
    },
    "node_modules/it-pushable": {
      "version": "3.2.3",
      "resolved": "https://registry.npmjs.org/it-pushable/-/it-pushable-3.2.3.tgz",
      "integrity": "sha512-gzYnXYK8Y5t5b/BnJUr7glfQLO4U5vyb05gPx/TyTw+4Bv1zM9gFk4YsOrnulWefMewlphCjKkakFvj1y99Tcg==",
      "dependencies": {
        "p-defer": "^4.0.0"
      }
    },
    "node_modules/it-reader": {
      "version": "6.0.4",
      "resolved": "https://registry.npmjs.org/it-reader/-/it-reader-6.0.4.tgz",
      "integrity": "sha512-XCWifEcNFFjjBHtor4Sfaj8rcpt+FkY0L6WdhD578SCDhV4VUm7fCkF3dv5a+fTcfQqvN9BsxBTvWbYO6iCjTg==",
      "dependencies": {
        "it-stream-types": "^2.0.1",
        "uint8arraylist": "^2.0.0"
      },
      "engines": {
        "node": ">=16.0.0",
        "npm": ">=7.0.0"
      }
    },
    "node_modules/it-sort": {
      "version": "3.0.4",
      "resolved": "https://registry.npmjs.org/it-sort/-/it-sort-3.0.4.tgz",
      "integrity": "sha512-tvnC93JZZWjX4UxALy0asow0dzXabkoaRbrPJKClTKhNCqw4gzHr+H5axf1gohcthedRRkqd/ae+wl7WqoxFhw==",
      "dependencies": {
        "it-all": "^3.0.0"
      }
    },
    "node_modules/it-stream-types": {
      "version": "2.0.1",
      "resolved": "https://registry.npmjs.org/it-stream-types/-/it-stream-types-2.0.1.tgz",
      "integrity": "sha512-6DmOs5r7ERDbvS4q8yLKENcj6Yecr7QQTqWApbZdfAUTEC947d+PEha7PCqhm//9oxaLYL7TWRekwhoXl2s6fg==",
      "engines": {
        "node": ">=16.0.0",
        "npm": ">=7.0.0"
      }
    },
    "node_modules/it-take": {
      "version": "3.0.4",
      "resolved": "https://registry.npmjs.org/it-take/-/it-take-3.0.4.tgz",
      "integrity": "sha512-RG8HDjAZlvkzz5Nav4xq6gK5zNT+Ff1UTIf+CrSJW8nIl6N1FpBH5e7clUshiCn+MmmMoSdIEpw4UaTolszxhA=="
    },
    "node_modules/libp2p": {
      "version": "1.0.5",
      "resolved": "https://registry.npmjs.org/libp2p/-/libp2p-1.0.5.tgz",
      "integrity": "sha512-h6JsVRCo31WWNwZxI6T5e0hbBagw6GG2N4u2n1vCpnSyVPZQV64cm3hgMQFuNPHv3e69+ABGq2viHRzrBDAaTw==",
      "dependencies": {
        "@libp2p/crypto": "^3.0.1",
        "@libp2p/interface": "^1.0.1",
        "@libp2p/interface-internal": "^1.0.1",
        "@libp2p/logger": "^4.0.1",
        "@libp2p/multistream-select": "^5.0.0",
        "@libp2p/peer-collections": "^5.0.0",
        "@libp2p/peer-id": "^4.0.1",
        "@libp2p/peer-id-factory": "^4.0.0",
        "@libp2p/peer-store": "^10.0.0",
        "@libp2p/utils": "^5.0.2",
        "@multiformats/mafmt": "^12.1.6",
        "@multiformats/multiaddr": "^12.1.10",
        "@multiformats/multiaddr-matcher": "^1.1.0",
        "any-signal": "^4.1.1",
        "datastore-core": "^9.0.1",
        "delay": "^6.0.0",
        "interface-datastore": "^8.2.0",
        "it-all": "^3.0.2",
        "it-drain": "^3.0.2",
        "it-filter": "^3.0.1",
        "it-first": "^3.0.3",
        "it-map": "^3.0.4",
        "it-merge": "^3.0.0",
        "it-pipe": "^3.0.1",
        "it-stream-types": "^2.0.1",
        "merge-options": "^3.0.4",
        "multiformats": "^12.1.3",
        "p-defer": "^4.0.0",
        "p-queue": "^7.4.1",
        "private-ip": "^3.0.1",
        "rate-limiter-flexible": "^3.0.0",
        "uint8arraylist": "^2.4.3",
        "uint8arrays": "^4.0.6"
      }
    },
    "node_modules/merge-options": {
      "version": "3.0.4",
      "resolved": "https://registry.npmjs.org/merge-options/-/merge-options-3.0.4.tgz",
      "integrity": "sha512-2Sug1+knBjkaMsMgf1ctR1Ujx+Ayku4EdJN4Z+C2+JzoeF7A3OZ9KM2GY0CpQS51NR61LTurMJrRKPhSs3ZRTQ==",
      "dependencies": {
        "is-plain-obj": "^2.1.0"
      },
      "engines": {
        "node": ">=10"
      }
    },
    "node_modules/mortice": {
      "version": "3.0.1",
      "resolved": "https://registry.npmjs.org/mortice/-/mortice-3.0.1.tgz",
      "integrity": "sha512-eyDUsl1nCR9+JtNksKnaESLP9MgAXCA4w1LTtsmOSQNsThnv++f36rrBu5fC/fdGIwTJZmbiaR/QewptH93pYA==",
      "dependencies": {
        "nanoid": "^4.0.0",
        "observable-webworkers": "^2.0.1",
        "p-queue": "^7.2.0",
        "p-timeout": "^6.0.0"
      },
      "engines": {
        "node": ">=16.0.0",
        "npm": ">=7.0.0"
      }
    },
    "node_modules/mortice/node_modules/nanoid": {
      "version": "4.0.2",
      "resolved": "https://registry.npmjs.org/nanoid/-/nanoid-4.0.2.tgz",
      "integrity": "sha512-7ZtY5KTCNheRGfEFxnedV5zFiORN1+Y1N6zvPTnHQd8ENUvfaDBeuJDZb2bN/oXwXxu3qkTXDzy57W5vAmDTBw==",
      "funding": [
        {
          "type": "github",
          "url": "https://github.com/sponsors/ai"
        }
      ],
      "bin": {
        "nanoid": "bin/nanoid.js"
      },
      "engines": {
        "node": "^14 || ^16 || >=18"
      }
    },
    "node_modules/ms": {
      "version": "2.1.2",
      "resolved": "https://registry.npmjs.org/ms/-/ms-2.1.2.tgz",
      "integrity": "sha512-sGkPx+VjMtmA6MX27oA4FBFELFCZZ4S4XqeGOXCv68tT+jb3vk/RyaKWP0PTKyWtmLSM0b+adUTEvbs1PEaH2w=="
    },
    "node_modules/multiformats": {
      "version": "12.1.3",
      "resolved": "https://registry.npmjs.org/multiformats/-/multiformats-12.1.3.tgz",
      "integrity": "sha512-eajQ/ZH7qXZQR2AgtfpmSMizQzmyYVmCql7pdhldPuYQi4atACekbJaQplk6dWyIi10jCaFnd6pqvcEFXjbaJw==",
      "engines": {
        "node": ">=16.0.0",
        "npm": ">=7.0.0"
      }
    },
    "node_modules/nanoid": {
      "version": "5.0.3",
      "resolved": "https://registry.npmjs.org/nanoid/-/nanoid-5.0.3.tgz",
      "integrity": "sha512-I7X2b22cxA4LIHXPSqbBCEQSL+1wv8TuoefejsX4HFWyC6jc5JG7CEaxOltiKjc1M+YCS2YkrZZcj4+dytw9GA==",
      "funding": [
        {
          "type": "github",
          "url": "https://github.com/sponsors/ai"
        }
      ],
      "bin": {
        "nanoid": "bin/nanoid.js"
      },
      "engines": {
        "node": "^18 || >=20"
      }
    },
    "node_modules/netmask": {
      "version": "2.0.2",
      "resolved": "https://registry.npmjs.org/netmask/-/netmask-2.0.2.tgz",
      "integrity": "sha512-dBpDMdxv9Irdq66304OLfEmQ9tbNRFnFTuZiLo+bD+r332bBmMJ8GBLXklIXXgxd3+v9+KUnZaUR5PJMa75Gsg==",
      "engines": {
        "node": ">= 0.4.0"
      }
    },
    "node_modules/node-forge": {
      "version": "1.3.1",
      "resolved": "https://registry.npmjs.org/node-forge/-/node-forge-1.3.1.tgz",
      "integrity": "sha512-dPEtOeMvF9VMcYV/1Wb8CPoVAXtp6MKMlcbAt4ddqmGqUJ6fQZFXkNZNkNlfevtNkGtaSoXf/vNNNSvgrdXwtA==",
      "engines": {
        "node": ">= 6.13.0"
      }
    },
    "node_modules/observable-webworkers": {
      "version": "2.0.1",
      "resolved": "https://registry.npmjs.org/observable-webworkers/-/observable-webworkers-2.0.1.tgz",
      "integrity": "sha512-JI1vB0u3pZjoQKOK1ROWzp0ygxSi7Yb0iR+7UNsw4/Zn4cQ0P3R7XL38zac/Dy2tEA7Lg88/wIJTjF8vYXZ0uw==",
      "engines": {
        "node": ">=16.0.0",
        "npm": ">=7.0.0"
      }
    },
    "node_modules/p-defer": {
      "version": "4.0.0",
      "resolved": "https://registry.npmjs.org/p-defer/-/p-defer-4.0.0.tgz",
      "integrity": "sha512-Vb3QRvQ0Y5XnF40ZUWW7JfLogicVh/EnA5gBIvKDJoYpeI82+1E3AlB9yOcKFS0AhHrWVnAQO39fbR0G99IVEQ==",
      "engines": {
        "node": ">=12"
      },
      "funding": {
        "url": "https://github.com/sponsors/sindresorhus"
      }
    },
    "node_modules/p-queue": {
      "version": "7.4.1",
      "resolved": "https://registry.npmjs.org/p-queue/-/p-queue-7.4.1.tgz",
      "integrity": "sha512-vRpMXmIkYF2/1hLBKisKeVYJZ8S2tZ0zEAmIJgdVKP2nq0nh4qCdf8bgw+ZgKrkh71AOCaqzwbJJk1WtdcF3VA==",
      "dependencies": {
        "eventemitter3": "^5.0.1",
        "p-timeout": "^5.0.2"
      },
      "engines": {
        "node": ">=12"
      },
      "funding": {
        "url": "https://github.com/sponsors/sindresorhus"
      }
    },
    "node_modules/p-queue/node_modules/p-timeout": {
      "version": "5.1.0",
      "resolved": "https://registry.npmjs.org/p-timeout/-/p-timeout-5.1.0.tgz",
      "integrity": "sha512-auFDyzzzGZZZdHz3BtET9VEz0SE/uMEAx7uWfGPucfzEwwe/xH0iVeZibQmANYE/hp9T2+UUZT5m+BKyrDp3Ew==",
      "engines": {
        "node": ">=12"
      },
      "funding": {
        "url": "https://github.com/sponsors/sindresorhus"
      }
    },
    "node_modules/p-timeout": {
      "version": "6.1.2",
      "resolved": "https://registry.npmjs.org/p-timeout/-/p-timeout-6.1.2.tgz",
      "integrity": "sha512-UbD77BuZ9Bc9aABo74gfXhNvzC9Tx7SxtHSh1fxvx3jTLLYvmVhiQZZrJzqqU0jKbN32kb5VOKiLEQI/3bIjgQ==",
      "engines": {
        "node": ">=14.16"
      },
      "funding": {
        "url": "https://github.com/sponsors/sindresorhus"
      }
    },
    "node_modules/private-ip": {
      "version": "3.0.1",
      "resolved": "https://registry.npmjs.org/private-ip/-/private-ip-3.0.1.tgz",
      "integrity": "sha512-Ezc16ANuhSHmWAE6lbXUKburNzGpR0J5X0Zh5Um/PZ/s57Fp+HYqYe6BYPH2QbqKr/5WebfzJQ1jq6Kj5dbRmA==",
      "dependencies": {
        "@chainsafe/is-ip": "^2.0.1",
        "ip-regex": "^5.0.0",
        "ipaddr.js": "^2.1.0",
        "netmask": "^2.0.2"
      },
      "engines": {
        "node": ">=14.16"
      }
    },
    "node_modules/protons-runtime": {
      "version": "5.2.0",
      "resolved": "https://registry.npmjs.org/protons-runtime/-/protons-runtime-5.2.0.tgz",
      "integrity": "sha512-jL3VSbXllgm17zurKQ/z+Ath0w+4BknJ+l/NLocfjAB8hbeASOZTNtb7zK3nDsKq2pHK9YFumNQvpkZ6gFfWhA==",
      "dependencies": {
        "uint8arraylist": "^2.4.3",
        "uint8arrays": "^4.0.6"
      }
    },
    "node_modules/race-signal": {
      "version": "1.0.2",
      "resolved": "https://registry.npmjs.org/race-signal/-/race-signal-1.0.2.tgz",
      "integrity": "sha512-o3xNv0iTcIDQCXFlF6fPAMEBRjFxssgGoRqLbg06m+AdzEXXLUmoNOoUHTVz2NoBI8hHwKFKoC6IqyNtWr2bww=="
    },
    "node_modules/rate-limiter-flexible": {
      "version": "3.0.4",
      "resolved": "https://registry.npmjs.org/rate-limiter-flexible/-/rate-limiter-flexible-3.0.4.tgz",
      "integrity": "sha512-LFrdT9Pl/TRxG143frHBPyESXHvS2tstLfAUM6shBbJ3M6YssT2cIUWFwAWVAU9Vl4Z2gUN7ZE7tSdQh/0aqcA=="
    },
    "node_modules/receptacle": {
      "version": "1.3.2",
      "resolved": "https://registry.npmjs.org/receptacle/-/receptacle-1.3.2.tgz",
      "integrity": "sha512-HrsFvqZZheusncQRiEE7GatOAETrARKV/lnfYicIm8lbvp/JQOdADOfhjBd2DajvoszEyxSM6RlAAIZgEoeu/A==",
      "dependencies": {
        "ms": "^2.1.1"
      }
    },
    "node_modules/stream-to-it": {
      "version": "0.2.4",
      "resolved": "https://registry.npmjs.org/stream-to-it/-/stream-to-it-0.2.4.tgz",
      "integrity": "sha512-4vEbkSs83OahpmBybNJXlJd7d6/RxzkkSdT3I0mnGt79Xd2Kk+e1JqbvAvsQfCeKj3aKb0QIWkyK3/n0j506vQ==",
      "dependencies": {
        "get-iterator": "^1.0.2"
      }
    },
    "node_modules/stream-to-it/node_modules/get-iterator": {
      "version": "1.0.2",
      "resolved": "https://registry.npmjs.org/get-iterator/-/get-iterator-1.0.2.tgz",
      "integrity": "sha512-v+dm9bNVfOYsY1OrhaCrmyOcYoSeVvbt+hHZ0Au+T+p1y+0Uyj9aMaGIeUTT6xdpRbWzDeYKvfOslPhggQMcsg=="
    },
    "node_modules/uint8-varint": {
      "version": "2.0.2",
      "resolved": "https://registry.npmjs.org/uint8-varint/-/uint8-varint-2.0.2.tgz",
      "integrity": "sha512-LZXmBT0jiHR7J4oKM1GUhtdLFW1yPauzI8NjJlotXn92TprO9u8VMvEVR4QMk8xhUVUd+2fqfU2/kGbVHYSSWw==",
      "dependencies": {
        "uint8arraylist": "^2.0.0",
        "uint8arrays": "^4.0.2"
      }
    },
    "node_modules/uint8arraylist": {
      "version": "2.4.7",
      "resolved": "https://registry.npmjs.org/uint8arraylist/-/uint8arraylist-2.4.7.tgz",
      "integrity": "sha512-ohRElqR6C5dd60vRFLq40MCiSnUe1AzkpHvbCEMCGGP6zMoFYECsjdhL6bR1kTK37ONNRDuHQ3RIpScRYcYYIg==",
      "dependencies": {
        "uint8arrays": "^4.0.2"
      }
    },
    "node_modules/uint8arrays": {
      "version": "4.0.9",
      "resolved": "https://registry.npmjs.org/uint8arrays/-/uint8arrays-4.0.9.tgz",
      "integrity": "sha512-iHU8XJJnfeijILZWzV7RgILdPHqe0mjJvyzY4mO8aUUtHsDbPa2Gc8/02Kc4zeokp2W6Qq8z9Ap1xkQ1HfbKwg==",
      "dependencies": {
        "multiformats": "^12.0.1"
      }
    },
    "node_modules/wherearewe": {
      "version": "2.0.1",
      "resolved": "https://registry.npmjs.org/wherearewe/-/wherearewe-2.0.1.tgz",
      "integrity": "sha512-XUguZbDxCA2wBn2LoFtcEhXL6AXo+hVjGonwhSTTTU9SzbWG8Xu3onNIpzf9j/mYUcJQ0f+m37SzG77G851uFw==",
      "dependencies": {
        "is-electron": "^2.2.0"
      },
      "engines": {
        "node": ">=16.0.0",
        "npm": ">=7.0.0"
      }
    }
  }
}
