{
  "name": "js-libp2p-echo-server",
  "version": "1.0.0",
  "lockfileVersion": 3,
  "requires": true,
  "packages": {
    "": {
      "name": "js-libp2p-echo-server",
      "version": "1.0.0",
      "license": "MIT",
      "dependencies": {
        "libp2p": "^3.1.3",
        "redis": "^5.10.0"
      }
    },
    "node_modules/@chainsafe/is-ip": {
      "version": "2.1.0",
      "resolved": "https://registry.npmjs.org/@chainsafe/is-ip/-/is-ip-2.1.0.tgz",
      "integrity": "sha512-KIjt+6IfysQ4GCv66xihEitBjvhU/bixbbbFxdJ1sqCp4uJ0wuZiYBPhksZoy4lfaF0k9cwNzY5upEW/VWdw3w==",
      "license": "MIT"
    },
    "node_modules/@chainsafe/netmask": {
      "version": "2.0.0",
      "resolved": "https://registry.npmjs.org/@chainsafe/netmask/-/netmask-2.0.0.tgz",
      "integrity": "sha512-I3Z+6SWUoaljh3TBzCnCxjlUyN8tA+NAk5L6m9IxvCf1BENQTePzPMis97CoN/iMW1St3WN+AWCCRp+TTBRiDg==",
      "license": "MIT",
      "dependencies": {
        "@chainsafe/is-ip": "^2.0.1"
      }
    },
    "node_modules/@dnsquery/dns-packet": {
      "version": "6.1.1",
      "resolved": "https://registry.npmjs.org/@dnsquery/dns-packet/-/dns-packet-6.1.1.tgz",
      "integrity": "sha512-WXTuFvL3G+74SchFAtz3FgIYVOe196ycvGsMgvSH/8Goptb1qpIQtIuM4SOK9G9lhMWYpHxnXyy544ZhluFOew==",
      "license": "MIT",
      "dependencies": {
        "@leichtgewicht/ip-codec": "^2.0.4",
        "utf8-codec": "^1.0.0"
      },
      "engines": {
        "node": ">=6"
      }
    },
    "node_modules/@leichtgewicht/ip-codec": {
      "version": "2.0.5",
      "resolved": "https://registry.npmjs.org/@leichtgewicht/ip-codec/-/ip-codec-2.0.5.tgz",
      "integrity": "sha512-Vo+PSpZG2/fmgmiNzYK9qWRh8h/CHrwD0mo1h1DzL4yzHNSfWYujGTYsWGreD000gcgmZ7K4Ys6Tx9TxtsKdDw==",
      "license": "MIT"
    },
    "node_modules/@libp2p/crypto": {
      "version": "5.1.13",
      "resolved": "https://registry.npmjs.org/@libp2p/crypto/-/crypto-5.1.13.tgz",
      "integrity": "sha512-8NN9cQP3jDn+p9+QE9ByiEoZ2lemDFf/unTgiKmS3JF93ph240EUVdbCyyEgOMfykzb0okTM4gzvwfx9osJebQ==",
      "license": "Apache-2.0 OR MIT",
      "dependencies": {
        "@libp2p/interface": "^3.1.0",
        "@noble/curves": "^2.0.1",
        "@noble/hashes": "^2.0.1",
        "multiformats": "^13.4.0",
        "protons-runtime": "^5.6.0",
        "uint8arraylist": "^2.4.8",
        "uint8arrays": "^5.1.0"
      }
    },
    "node_modules/@libp2p/interface": {
      "version": "3.1.0",
      "resolved": "https://registry.npmjs.org/@libp2p/interface/-/interface-3.1.0.tgz",
      "integrity": "sha512-RE7/XyvC47fQBe1cHxhMvepYKa5bFCUyFrrpj8PuM0E7JtzxU7F+Du5j4VXbg2yLDcToe0+j8mB7jvwE2AThYw==",
      "license": "Apache-2.0 OR MIT",
      "dependencies": {
        "@multiformats/dns": "^1.0.6",
        "@multiformats/multiaddr": "^13.0.1",
        "main-event": "^1.0.1",
        "multiformats": "^13.4.0",
        "progress-events": "^1.0.1",
        "uint8arraylist": "^2.4.8"
      }
    },
    "node_modules/@libp2p/interface-internal": {
      "version": "3.0.10",
      "resolved": "https://registry.npmjs.org/@libp2p/interface-internal/-/interface-internal-3.0.10.tgz",
      "integrity": "sha512-Gd/eQAoAlXqeCRJ6wOwcnTQ/SDe95bQow8osY8zq0nbfFBu26aChQHjAd+CjcCADJRh+Sd+7+dYG7BrhpxGt1A==",
      "license": "Apache-2.0 OR MIT",
      "dependencies": {
        "@libp2p/interface": "^3.1.0",
        "@libp2p/peer-collections": "^7.0.10",
        "@multiformats/multiaddr": "^13.0.1",
        "progress-events": "^1.0.1"
      }
    },
    "node_modules/@libp2p/logger": {
      "version": "6.2.2",
      "resolved": "https://registry.npmjs.org/@libp2p/logger/-/logger-6.2.2.tgz",
      "integrity": "sha512-XtanXDT+TuMuZoCK760HGV1AmJsZbwAw5AiRUxWDbsZPwAroYq64nb41AHRu9Gyc0TK9YD+p72+5+FIxbw0hzw==",
      "license": "Apache-2.0 OR MIT",
      "dependencies": {
        "@libp2p/interface": "^3.1.0",
        "@multiformats/multiaddr": "^13.0.1",
        "interface-datastore": "^9.0.1",
        "multiformats": "^13.4.0",
        "weald": "^1.1.0"
      }
    },
    "node_modules/@libp2p/multistream-select": {
      "version": "7.0.10",
      "resolved": "https://registry.npmjs.org/@libp2p/multistream-select/-/multistream-select-7.0.10.tgz",
      "integrity": "sha512-6RAFctqWzwQ/qPaN3CxoueSs1b7pBVMZ+0n6G0kcsqVBj0wc4eB+dcJyUNrTV1NGgMCAl6tVAGztZaE8XZc9lw==",
      "license": "Apache-2.0 OR MIT",
      "dependencies": {
        "@libp2p/interface": "^3.1.0",
        "@libp2p/utils": "^7.0.10",
        "it-length-prefixed": "^10.0.1",
        "uint8arraylist": "^2.4.8",
        "uint8arrays": "^5.1.0"
      }
    },
    "node_modules/@libp2p/peer-collections": {
      "version": "7.0.10",
      "resolved": "https://registry.npmjs.org/@libp2p/peer-collections/-/peer-collections-7.0.10.tgz",
      "integrity": "sha512-OvlSY5N3J6q8U+EbTrQGbW8zdyOa3y7nz9Y3IbuE55tIiMd7pwm1U3Lknfb6IPkOWkHNfQDfCGGfGVQcMRodvQ==",
      "license": "Apache-2.0 OR MIT",
      "dependencies": {
        "@libp2p/interface": "^3.1.0",
        "@libp2p/peer-id": "^6.0.4",
        "@libp2p/utils": "^7.0.10",
        "multiformats": "^13.4.0"
      }
    },
    "node_modules/@libp2p/peer-id": {
      "version": "6.0.4",
      "resolved": "https://registry.npmjs.org/@libp2p/peer-id/-/peer-id-6.0.4.tgz",
      "integrity": "sha512-Z3xK0lwwKn4bPg3ozEpPr1HxsRi2CxZdghOL+MXoFah/8uhJJHxHFA8A/jxtKn4BB8xkk6F8R5vKNIS05yaCYw==",
      "license": "Apache-2.0 OR MIT",
      "dependencies": {
        "@libp2p/crypto": "^5.1.13",
        "@libp2p/interface": "^3.1.0",
        "multiformats": "^13.4.0",
        "uint8arrays": "^5.1.0"
      }
    },
    "node_modules/@libp2p/peer-record": {
      "version": "9.0.5",
      "resolved": "https://registry.npmjs.org/@libp2p/peer-record/-/peer-record-9.0.5.tgz",
      "integrity": "sha512-disk23OO00yD52O4VmItbDkjJZ/YZJsKbMsqNgVhr+D3PcM+KRpu9VVbiCnN5Tzn9XvFEHhrMJY7BPE+rvT5MQ==",
      "license": "Apache-2.0 OR MIT",
      "dependencies": {
        "@libp2p/crypto": "^5.1.13",
        "@libp2p/interface": "^3.1.0",
        "@libp2p/peer-id": "^6.0.4",
        "@multiformats/multiaddr": "^13.0.1",
        "multiformats": "^13.4.0",
        "protons-runtime": "^5.6.0",
        "uint8-varint": "^2.0.4",
        "uint8arraylist": "^2.4.8",
        "uint8arrays": "^5.1.0"
      }
    },
    "node_modules/@libp2p/peer-store": {
      "version": "12.0.10",
      "resolved": "https://registry.npmjs.org/@libp2p/peer-store/-/peer-store-12.0.10.tgz",
      "integrity": "sha512-fe/6m0vXny9pvCyaSjg2GisdSVgxtHYZtp6op1WNm8dBvYqRXLuqSYi0QGEbLtSDSL4SeE8BKZyadyk/tYAqfg==",
      "license": "Apache-2.0 OR MIT",
      "dependencies": {
        "@libp2p/crypto": "^5.1.13",
        "@libp2p/interface": "^3.1.0",
        "@libp2p/peer-collections": "^7.0.10",
        "@libp2p/peer-id": "^6.0.4",
        "@libp2p/peer-record": "^9.0.5",
        "@multiformats/multiaddr": "^13.0.1",
        "interface-datastore": "^9.0.1",
        "it-all": "^3.0.9",
        "main-event": "^1.0.1",
        "mortice": "^3.3.1",
        "multiformats": "^13.4.0",
        "protons-runtime": "^5.6.0",
        "uint8arraylist": "^2.4.8",
        "uint8arrays": "^5.1.0"
      }
    },
    "node_modules/@libp2p/utils": {
      "version": "7.0.10",
      "resolved": "https://registry.npmjs.org/@libp2p/utils/-/utils-7.0.10.tgz",
      "integrity": "sha512-+mzD+7yLMoZ8+34y/iS9d1CnwHjJJ/qEsao9FckHf9T9tnVXEyLLu9TpzBCcGRm4fUK/QCSHK2AcZH50kkAFkw==",
      "license": "Apache-2.0 OR MIT",
      "dependencies": {
        "@chainsafe/is-ip": "^2.1.0",
        "@chainsafe/netmask": "^2.0.0",
        "@libp2p/crypto": "^5.1.13",
        "@libp2p/interface": "^3.1.0",
        "@libp2p/logger": "^6.2.2",
        "@multiformats/multiaddr": "^13.0.1",
        "@sindresorhus/fnv1a": "^3.1.0",
        "any-signal": "^4.1.1",
        "cborg": "^4.2.14",
        "delay": "^7.0.0",
        "is-loopback-addr": "^2.0.2",
        "it-length-prefixed": "^10.0.1",
        "it-pipe": "^3.0.1",
        "it-pushable": "^3.2.3",
        "it-stream-types": "^2.0.2",
        "main-event": "^1.0.1",
        "netmask": "^2.0.2",
        "p-defer": "^4.0.1",
        "p-event": "^7.0.0",
        "race-signal": "^2.0.0",
        "uint8-varint": "^2.0.4",
        "uint8arraylist": "^2.4.8",
        "uint8arrays": "^5.1.0"
      }
    },
    "node_modules/@multiformats/dns": {
      "version": "1.0.13",
      "resolved": "https://registry.npmjs.org/@multiformats/dns/-/dns-1.0.13.tgz",
      "integrity": "sha512-yr4bxtA3MbvJ+2461kYIYMsiiZj/FIqKI64hE4SdvWJUdWF9EtZLar38juf20Sf5tguXKFUruluswAO6JsjS2w==",
      "license": "Apache-2.0 OR MIT",
      "dependencies": {
        "@dnsquery/dns-packet": "^6.1.1",
        "@libp2p/interface": "^3.1.0",
        "hashlru": "^2.3.0",
        "p-queue": "^9.0.0",
        "progress-events": "^1.0.0",
        "uint8arrays": "^5.0.2"
      }
    },
    "node_modules/@multiformats/multiaddr": {
      "version": "13.0.1",
      "resolved": "https://registry.npmjs.org/@multiformats/multiaddr/-/multiaddr-13.0.1.tgz",
      "integrity": "sha512-XToN915cnfr6Lr9EdGWakGJbPT0ghpg/850HvdC+zFX8XvpLZElwa8synCiwa8TuvKNnny6m8j8NVBNCxhIO3g==",
      "license": "Apache-2.0 OR MIT",
      "dependencies": {
        "@chainsafe/is-ip": "^2.0.1",
        "multiformats": "^13.0.0",
        "uint8-varint": "^2.0.1",
        "uint8arrays": "^5.0.0"
      }
    },
    "node_modules/@multiformats/multiaddr-matcher": {
      "version": "3.0.1",
      "resolved": "https://registry.npmjs.org/@multiformats/multiaddr-matcher/-/multiaddr-matcher-3.0.1.tgz",
      "integrity": "sha512-jvjwzCPysVTQ53F4KqwmcqZw73BqHMk0UUZrMP9P4OtJ/YHrfs122ikTqhVA2upe0P/Qz9l8HVlhEifVYB2q9A==",
      "license": "Apache-2.0 OR MIT",
      "dependencies": {
        "@multiformats/multiaddr": "^13.0.0"
      }
    },
    "node_modules/@noble/curves": {
      "version": "2.0.1",
      "resolved": "https://registry.npmjs.org/@noble/curves/-/curves-2.0.1.tgz",
      "integrity": "sha512-vs1Az2OOTBiP4q0pwjW5aF0xp9n4MxVrmkFBxc6EKZc6ddYx5gaZiAsZoq0uRRXWbi3AT/sBqn05eRPtn1JCPw==",
      "license": "MIT",
      "dependencies": {
        "@noble/hashes": "2.0.1"
      },
      "engines": {
        "node": ">= 20.19.0"
      },
      "funding": {
        "url": "https://paulmillr.com/funding/"
      }
    },
    "node_modules/@noble/hashes": {
      "version": "2.0.1",
      "resolved": "https://registry.npmjs.org/@noble/hashes/-/hashes-2.0.1.tgz",
      "integrity": "sha512-XlOlEbQcE9fmuXxrVTXCTlG2nlRXa9Rj3rr5Ue/+tX+nmkgbX720YHh0VR3hBF9xDvwnb8D2shVGOwNx+ulArw==",
      "license": "MIT",
      "engines": {
        "node": ">= 20.19.0"
      },
      "funding": {
        "url": "https://paulmillr.com/funding/"
      }
    },
    "node_modules/@redis/bloom": {
      "version": "5.10.0",
      "resolved": "https://registry.npmjs.org/@redis/bloom/-/bloom-5.10.0.tgz",
      "integrity": "sha512-doIF37ob+l47n0rkpRNgU8n4iacBlKM9xLiP1LtTZTvz8TloJB8qx/MgvhMhKdYG+CvCY2aPBnN2706izFn/4A==",
      "license": "MIT",
      "engines": {
        "node": ">= 18"
      },
      "peerDependencies": {
        "@redis/client": "^5.10.0"
      }
    },
    "node_modules/@redis/client": {
      "version": "5.10.0",
      "resolved": "https://registry.npmjs.org/@redis/client/-/client-5.10.0.tgz",
      "integrity": "sha512-JXmM4XCoso6C75Mr3lhKA3eNxSzkYi3nCzxDIKY+YOszYsJjuKbFgVtguVPbLMOttN4iu2fXoc2BGhdnYhIOxA==",
      "license": "MIT",
      "dependencies": {
        "cluster-key-slot": "1.1.2"
      },
      "engines": {
        "node": ">= 18"
      }
    },
    "node_modules/@redis/json": {
      "version": "5.10.0",
      "resolved": "https://registry.npmjs.org/@redis/json/-/json-5.10.0.tgz",
      "integrity": "sha512-B2G8XlOmTPUuZtD44EMGbtoepQG34RCDXLZbjrtON1Djet0t5Ri7/YPXvL9aomXqP8lLTreaprtyLKF4tmXEEA==",
      "license": "MIT",
      "engines": {
        "node": ">= 18"
      },
      "peerDependencies": {
        "@redis/client": "^5.10.0"
      }
    },
    "node_modules/@redis/search": {
      "version": "5.10.0",
      "resolved": "https://registry.npmjs.org/@redis/search/-/search-5.10.0.tgz",
      "integrity": "sha512-3SVcPswoSfp2HnmWbAGUzlbUPn7fOohVu2weUQ0S+EMiQi8jwjL+aN2p6V3TI65eNfVsJ8vyPvqWklm6H6esmg==",
      "license": "MIT",
      "engines": {
        "node": ">= 18"
      },
      "peerDependencies": {
        "@redis/client": "^5.10.0"
      }
    },
    "node_modules/@redis/time-series": {
      "version": "5.10.0",
      "resolved": "https://registry.npmjs.org/@redis/time-series/-/time-series-5.10.0.tgz",
      "integrity": "sha512-cPkpddXH5kc/SdRhF0YG0qtjL+noqFT0AcHbQ6axhsPsO7iqPi1cjxgdkE9TNeKiBUUdCaU1DbqkR/LzbzPBhg==",
      "license": "MIT",
      "engines": {
        "node": ">= 18"
      },
      "peerDependencies": {
        "@redis/client": "^5.10.0"
      }
    },
    "node_modules/@sindresorhus/fnv1a": {
      "version": "3.1.0",
      "resolved": "https://registry.npmjs.org/@sindresorhus/fnv1a/-/fnv1a-3.1.0.tgz",
      "integrity": "sha512-KV321z5m/0nuAg83W1dPLy85HpHDk7Sdi4fJbwvacWsEhAh+rZUW4ZfGcXmUIvjZg4ss2bcwNlRhJ7GBEUG08w==",
      "license": "MIT",
      "engines": {
        "node": "^12.20.0 || ^14.13.1 || >=16.0.0"
      },
      "funding": {
        "url": "https://github.com/sponsors/sindresorhus"
      }
    },
    "node_modules/abort-error": {
      "version": "1.0.1",
      "resolved": "https://registry.npmjs.org/abort-error/-/abort-error-1.0.1.tgz",
      "integrity": "sha512-fxqCblJiIPdSXIUrxI0PL+eJG49QdP9SQ70qtB65MVAoMr2rASlOyAbJFOylfB467F/f+5BCLJJq58RYi7mGfg==",
      "license": "Apache-2.0 OR MIT"
    },
    "node_modules/any-signal": {
      "version": "4.2.0",
      "resolved": "https://registry.npmjs.org/any-signal/-/any-signal-4.2.0.tgz",
      "integrity": "sha512-LndMvYuAPf4rC195lk7oSFuHOYFpOszIYrNYv0gHAvz+aEhE9qPZLhmrIz5pXP2BSsPOXvsuHDXEGaiQhIh9wA==",
      "license": "Apache-2.0 OR MIT",
      "engines": {
        "node": ">=16.0.0",
        "npm": ">=7.0.0"
      }
    },
    "node_modules/cborg": {
      "version": "4.5.8",
      "resolved": "https://registry.npmjs.org/cborg/-/cborg-4.5.8.tgz",
      "integrity": "sha512-6/viltD51JklRhq4L7jC3zgy6gryuG5xfZ3kzpE+PravtyeQLeQmCYLREhQH7pWENg5pY4Yu/XCd6a7dKScVlw==",
      "license": "Apache-2.0",
      "bin": {
        "cborg": "lib/bin.js"
      }
    },
    "node_modules/cluster-key-slot": {
      "version": "1.1.2",
      "resolved": "https://registry.npmjs.org/cluster-key-slot/-/cluster-key-slot-1.1.2.tgz",
      "integrity": "sha512-RMr0FhtfXemyinomL4hrWcYJxmX6deFdCxpJzhDttxgO1+bcCnkk+9drydLVDmAMG7NE6aN/fl4F7ucU/90gAA==",
      "license": "Apache-2.0",
      "engines": {
        "node": ">=0.10.0"
      }
    },
    "node_modules/datastore-core": {
      "version": "11.0.2",
      "resolved": "https://registry.npmjs.org/datastore-core/-/datastore-core-11.0.2.tgz",
      "integrity": "sha512-0pN4hMcaCWcnUBo5OL/8j14Lt1l/p1v2VvzryRYeJAKRLqnFrzy2FhAQ7y0yTA63ki760ImQHfm2XlZrfIdFpQ==",
      "license": "Apache-2.0 OR MIT",
      "dependencies": {
        "@libp2p/logger": "^6.0.0",
        "interface-datastore": "^9.0.0",
        "interface-store": "^7.0.0",
        "it-drain": "^3.0.9",
        "it-filter": "^3.1.3",
        "it-map": "^3.1.3",
        "it-merge": "^3.0.11",
        "it-pipe": "^3.0.1",
        "it-sort": "^3.0.8",
        "it-take": "^3.0.8"
      }
    },
    "node_modules/delay": {
      "version": "7.0.0",
      "resolved": "https://registry.npmjs.org/delay/-/delay-7.0.0.tgz",
      "integrity": "sha512-C3vaGs818qzZjCvVJ98GQUMVyWeg7dr5w2Nwwb2t5K8G98jOyyVO2ti2bKYk5yoYElqH3F2yA53ykuEnwD6MCg==",
      "license": "MIT",
      "dependencies": {
        "random-int": "^3.1.0",
        "unlimited-timeout": "^0.1.0"
      },
      "engines": {
        "node": ">=20"
      },
      "funding": {
        "url": "https://github.com/sponsors/sindresorhus"
      }
    },
    "node_modules/eventemitter3": {
      "version": "5.0.4",
      "resolved": "https://registry.npmjs.org/eventemitter3/-/eventemitter3-5.0.4.tgz",
      "integrity": "sha512-mlsTRyGaPBjPedk6Bvw+aqbsXDtoAyAzm5MO7JgU+yVRyMQ5O8bD4Kcci7BS85f93veegeCPkL8R4GLClnjLFw==",
      "license": "MIT"
    },
    "node_modules/hashlru": {
      "version": "2.3.0",
      "resolved": "https://registry.npmjs.org/hashlru/-/hashlru-2.3.0.tgz",
      "integrity": "sha512-0cMsjjIC8I+D3M44pOQdsy0OHXGLVz6Z0beRuufhKa0KfaD2wGwAev6jILzXsd3/vpnNQJmWyZtIILqM1N+n5A==",
      "license": "MIT"
    },
    "node_modules/interface-datastore": {
      "version": "9.0.2",
      "resolved": "https://registry.npmjs.org/interface-datastore/-/interface-datastore-9.0.2.tgz",
      "integrity": "sha512-jebn+GV/5LTDDoyicNIB4D9O0QszpPqT09Z/MpEWvf3RekjVKpXJCDguM5Au2fwIFxFDAQMZe5bSla0jMamCNg==",
      "license": "Apache-2.0 OR MIT",
      "dependencies": {
        "interface-store": "^7.0.0",
        "uint8arrays": "^5.1.0"
      }
    },
    "node_modules/interface-store": {
      "version": "7.0.1",
      "resolved": "https://registry.npmjs.org/interface-store/-/interface-store-7.0.1.tgz",
      "integrity": "sha512-OPRRUO3Cs6Jr/t98BrJLQp1jUTPgrRH0PqFfuNoPAqd+J7ABN1tjFVjQdaOBiybYJTS/AyBSZnZVWLPvp3dW3w==",
      "license": "Apache-2.0 OR MIT"
    },
    "node_modules/is-loopback-addr": {
      "version": "2.0.2",
      "resolved": "https://registry.npmjs.org/is-loopback-addr/-/is-loopback-addr-2.0.2.tgz",
      "integrity": "sha512-26POf2KRCno/KTNL5Q0b/9TYnL00xEsSaLfiFRmjM7m7Lw7ZMmFybzzuX4CcsLAluZGd+niLUiMRxEooVE3aqg==",
      "license": "MIT"
    },
    "node_modules/is-network-error": {
      "version": "1.3.0",
      "resolved": "https://registry.npmjs.org/is-network-error/-/is-network-error-1.3.0.tgz",
      "integrity": "sha512-6oIwpsgRfnDiyEDLMay/GqCl3HoAtH5+RUKW29gYkL0QA+ipzpDLA16yQs7/RHCSu+BwgbJaOUqa4A99qNVQVw==",
      "license": "MIT",
      "engines": {
        "node": ">=16"
      },
      "funding": {
        "url": "https://github.com/sponsors/sindresorhus"
      }
    },
    "node_modules/it-all": {
      "version": "3.0.9",
      "resolved": "https://registry.npmjs.org/it-all/-/it-all-3.0.9.tgz",
      "integrity": "sha512-fz1oJJ36ciGnu2LntAlE6SA97bFZpW7Rnt0uEc1yazzR2nKokZLr8lIRtgnpex4NsmaBcvHF+Z9krljWFy/mmg==",
      "license": "Apache-2.0 OR MIT"
    },
    "node_modules/it-drain": {
      "version": "3.0.10",
      "resolved": "https://registry.npmjs.org/it-drain/-/it-drain-3.0.10.tgz",
      "integrity": "sha512-0w/bXzudlyKIyD1+rl0xUKTI7k4cshcS43LTlBiGFxI8K1eyLydNPxGcsVLsFVtKh1/ieS8AnVWt6KwmozxyEA==",
      "license": "Apache-2.0 OR MIT"
    },
    "node_modules/it-filter": {
      "version": "3.1.4",
      "resolved": "https://registry.npmjs.org/it-filter/-/it-filter-3.1.4.tgz",
      "integrity": "sha512-80kWEKgiFEa4fEYD3mwf2uygo1dTQ5Y5midKtL89iXyjinruA/sNXl6iFkTcdNedydjvIsFhWLiqRPQP4fAwWQ==",
      "license": "Apache-2.0 OR MIT",
      "dependencies": {
        "it-peekable": "^3.0.0"
      }
    },
    "node_modules/it-length-prefixed": {
      "version": "10.0.1",
      "resolved": "https://registry.npmjs.org/it-length-prefixed/-/it-length-prefixed-10.0.1.tgz",
      "integrity": "sha512-BhyluvGps26u9a7eQIpOI1YN7mFgi8lFwmiPi07whewbBARKAG9LE09Odc8s1Wtbt2MB6rNUrl7j9vvfXTJwdQ==",
      "license": "Apache-2.0 OR MIT",
      "dependencies": {
        "it-reader": "^6.0.1",
        "it-stream-types": "^2.0.1",
        "uint8-varint": "^2.0.1",
        "uint8arraylist": "^2.0.0",
        "uint8arrays": "^5.0.1"
      },
      "engines": {
        "node": ">=16.0.0",
        "npm": ">=7.0.0"
      }
    },
    "node_modules/it-map": {
      "version": "3.1.4",
      "resolved": "https://registry.npmjs.org/it-map/-/it-map-3.1.4.tgz",
      "integrity": "sha512-QB9PYQdE9fUfpVFYfSxBIyvKynUCgblb143c+ktTK6ZuKSKkp7iH58uYFzagqcJ5HcqIfn1xbfaralHWam+3fg==",
      "license": "Apache-2.0 OR MIT",
      "dependencies": {
        "it-peekable": "^3.0.0"
      }
    },
    "node_modules/it-merge": {
      "version": "3.0.12",
      "resolved": "https://registry.npmjs.org/it-merge/-/it-merge-3.0.12.tgz",
      "integrity": "sha512-nnnFSUxKlkZVZD7c0jYw6rDxCcAQYcMsFj27thf7KkDhpj0EA0g9KHPxbFzHuDoc6US2EPS/MtplkNj8sbCx4Q==",
      "license": "Apache-2.0 OR MIT",
      "dependencies": {
        "it-queueless-pushable": "^2.0.0"
      }
    },
    "node_modules/it-parallel": {
      "version": "3.0.13",
      "resolved": "https://registry.npmjs.org/it-parallel/-/it-parallel-3.0.13.tgz",
      "integrity": "sha512-85PPJ/O8q97Vj9wmDTSBBXEkattwfQGruXitIzrh0RLPso6RHfiVqkuTqBNufYYtB1x6PSkh0cwvjmMIkFEPHA==",
      "license": "Apache-2.0 OR MIT",
      "dependencies": {
        "p-defer": "^4.0.1"
      }
    },
    "node_modules/it-peekable": {
      "version": "3.0.8",
      "resolved": "https://registry.npmjs.org/it-peekable/-/it-peekable-3.0.8.tgz",
      "integrity": "sha512-7IDBQKSp/dtBxXV3Fj0v3qM1jftJ9y9XrWLRIuU1X6RdKqWiN60syNwP0fiDxZD97b8SYM58dD3uklIk1TTQAw==",
      "license": "Apache-2.0 OR MIT"
    },
    "node_modules/it-pipe": {
      "version": "3.0.1",
      "resolved": "https://registry.npmjs.org/it-pipe/-/it-pipe-3.0.1.tgz",
      "integrity": "sha512-sIoNrQl1qSRg2seYSBH/3QxWhJFn9PKYvOf/bHdtCBF0bnghey44VyASsWzn5dAx0DCDDABq1hZIuzKmtBZmKA==",
      "license": "Apache-2.0 OR MIT",
      "dependencies": {
        "it-merge": "^3.0.0",
        "it-pushable": "^3.1.2",
        "it-stream-types": "^2.0.1"
      },
      "engines": {
        "node": ">=16.0.0",
        "npm": ">=7.0.0"
      }
    },
    "node_modules/it-pushable": {
      "version": "3.2.3",
      "resolved": "https://registry.npmjs.org/it-pushable/-/it-pushable-3.2.3.tgz",
      "integrity": "sha512-gzYnXYK8Y5t5b/BnJUr7glfQLO4U5vyb05gPx/TyTw+4Bv1zM9gFk4YsOrnulWefMewlphCjKkakFvj1y99Tcg==",
      "license": "Apache-2.0 OR MIT",
      "dependencies": {
        "p-defer": "^4.0.0"
      }
    },
    "node_modules/it-queue": {
      "version": "1.1.1",
      "resolved": "https://registry.npmjs.org/it-queue/-/it-queue-1.1.1.tgz",
      "integrity": "sha512-yeYCV22WF1QDyb3ylw+g3TGEdkmnoHUH2mc12QoGOQuxW4XP1V7Zd3BfsEF1iq2IFBwIK7wCPUcRLTAQVeZ3SQ==",
      "license": "Apache-2.0 OR MIT",
      "dependencies": {
        "abort-error": "^1.0.1",
        "it-pushable": "^3.2.3",
        "main-event": "^1.0.0",
        "race-event": "^1.3.0",
        "race-signal": "^2.0.0"
      }
    },
    "node_modules/it-queueless-pushable": {
      "version": "2.0.3",
      "resolved": "https://registry.npmjs.org/it-queueless-pushable/-/it-queueless-pushable-2.0.3.tgz",
      "integrity": "sha512-USa5EzTvmQswOcVE7+o6qsj2o2G+6KHCxSogPOs23sGYkDWFidhqVO7dAvv6ve/Z+Q+nvxpEa9rrRo6VEK7w4Q==",
      "license": "Apache-2.0 OR MIT",
      "dependencies": {
        "abort-error": "^1.0.1",
        "p-defer": "^4.0.1",
        "race-signal": "^2.0.0"
      }
    },
    "node_modules/it-reader": {
      "version": "6.0.4",
      "resolved": "https://registry.npmjs.org/it-reader/-/it-reader-6.0.4.tgz",
      "integrity": "sha512-XCWifEcNFFjjBHtor4Sfaj8rcpt+FkY0L6WdhD578SCDhV4VUm7fCkF3dv5a+fTcfQqvN9BsxBTvWbYO6iCjTg==",
      "license": "Apache-2.0 OR MIT",
      "dependencies": {
        "it-stream-types": "^2.0.1",
        "uint8arraylist": "^2.0.0"
      },
      "engines": {
        "node": ">=16.0.0",
        "npm": ">=7.0.0"
      }
    },
    "node_modules/it-sort": {
      "version": "3.0.9",
      "resolved": "https://registry.npmjs.org/it-sort/-/it-sort-3.0.9.tgz",
      "integrity": "sha512-jsM6alGaPiQbcAJdzMsuMh00uJcI+kD9TBoScB8TR75zUFOmHvhSsPi+Dmh2zfVkcoca+14EbfeIZZXTUGH63w==",
      "license": "Apache-2.0 OR MIT",
      "dependencies": {
        "it-all": "^3.0.0"
      }
    },
    "node_modules/it-stream-types": {
      "version": "2.0.2",
      "resolved": "https://registry.npmjs.org/it-stream-types/-/it-stream-types-2.0.2.tgz",
      "integrity": "sha512-Rz/DEZ6Byn/r9+/SBCuJhpPATDF9D+dz5pbgSUyBsCDtza6wtNATrz/jz1gDyNanC3XdLboriHnOC925bZRBww==",
      "license": "Apache-2.0 OR MIT"
    },
    "node_modules/it-take": {
      "version": "3.0.9",
      "resolved": "https://registry.npmjs.org/it-take/-/it-take-3.0.9.tgz",
      "integrity": "sha512-XMeUbnjOcgrhFXPUqa7H0VIjYSV/BvyxxjCp76QHVAFDJw2LmR1SHxUFiqyGeobgzJr7P2ZwSRRJQGn4D2BVlA==",
      "license": "Apache-2.0 OR MIT"
    },
    "node_modules/libp2p": {
      "version": "3.1.3",
      "resolved": "https://registry.npmjs.org/libp2p/-/libp2p-3.1.3.tgz",
      "integrity": "sha512-Jgl6Km1PfFTKR7krDNDxuuxQ6ya3D6VHFOi/XYJA539F62PmbxOQLd+nqbqozwB9BgJVTxaXRVmGTKo7dyrdQw==",
      "license": "Apache-2.0 OR MIT",
      "dependencies": {
        "@chainsafe/is-ip": "^2.1.0",
        "@chainsafe/netmask": "^2.0.0",
        "@libp2p/crypto": "^5.1.13",
        "@libp2p/interface": "^3.1.0",
        "@libp2p/interface-internal": "^3.0.10",
        "@libp2p/logger": "^6.2.2",
        "@libp2p/multistream-select": "^7.0.10",
        "@libp2p/peer-collections": "^7.0.10",
        "@libp2p/peer-id": "^6.0.4",
        "@libp2p/peer-store": "^12.0.10",
        "@libp2p/utils": "^7.0.10",
        "@multiformats/dns": "^1.0.6",
        "@multiformats/multiaddr": "^13.0.1",
        "@multiformats/multiaddr-matcher": "^3.0.1",
        "any-signal": "^4.1.1",
        "datastore-core": "^11.0.1",
        "interface-datastore": "^9.0.1",
        "it-merge": "^3.0.12",
        "it-parallel": "^3.0.13",
        "main-event": "^1.0.1",
        "multiformats": "^13.4.0",
        "p-defer": "^4.0.1",
        "p-event": "^7.0.0",
        "p-retry": "^7.0.0",
        "progress-events": "^1.0.1",
        "race-signal": "^2.0.0",
        "uint8arrays": "^5.1.0"
      }
    },
    "node_modules/main-event": {
      "version": "1.0.1",
      "resolved": "https://registry.npmjs.org/main-event/-/main-event-1.0.1.tgz",
      "integrity": "sha512-NWtdGrAca/69fm6DIVd8T9rtfDII4Q8NQbIbsKQq2VzS9eqOGYs8uaNQjcuaCq/d9H/o625aOTJX2Qoxzqw0Pw==",
      "license": "Apache-2.0 OR MIT"
    },
    "node_modules/mortice": {
      "version": "3.3.1",
      "resolved": "https://registry.npmjs.org/mortice/-/mortice-3.3.1.tgz",
      "integrity": "sha512-t3oESfijIPGsmsdLEKjF+grHfrbnKSXflJtgb1wY14cjxZpS6GnhHRXTxxzCAoCCnq1YYfpEPwY3gjiCPhOufQ==",
      "license": "Apache-2.0 OR MIT",
      "dependencies": {
        "abort-error": "^1.0.0",
        "it-queue": "^1.1.0",
        "main-event": "^1.0.0"
      }
    },
    "node_modules/ms": {
      "version": "3.0.0-canary.202508261828",
      "resolved": "https://registry.npmjs.org/ms/-/ms-3.0.0-canary.202508261828.tgz",
      "integrity": "sha512-NotsCoUCIUkojWCzQff4ttdCfIPoA1UGZsyQbi7KmqkNRfKCrvga8JJi2PknHymHOuor0cJSn/ylj52Cbt2IrQ==",
      "license": "MIT",
      "engines": {
        "node": ">=18"
      }
    },
    "node_modules/multiformats": {
      "version": "13.4.2",
      "resolved": "https://registry.npmjs.org/multiformats/-/multiformats-13.4.2.tgz",
      "integrity": "sha512-eh6eHCrRi1+POZ3dA+Dq1C6jhP1GNtr9CRINMb67OKzqW9I5DUuZM/3jLPlzhgpGeiNUlEGEbkCYChXMCc/8DQ==",
      "license": "Apache-2.0 OR MIT"
    },
    "node_modules/netmask": {
      "version": "2.0.2",
      "resolved": "https://registry.npmjs.org/netmask/-/netmask-2.0.2.tgz",
      "integrity": "sha512-dBpDMdxv9Irdq66304OLfEmQ9tbNRFnFTuZiLo+bD+r332bBmMJ8GBLXklIXXgxd3+v9+KUnZaUR5PJMa75Gsg==",
      "license": "MIT",
      "engines": {
        "node": ">= 0.4.0"
      }
    },
    "node_modules/p-defer": {
      "version": "4.0.1",
      "resolved": "https://registry.npmjs.org/p-defer/-/p-defer-4.0.1.tgz",
      "integrity": "sha512-Mr5KC5efvAK5VUptYEIopP1bakB85k2IWXaRC0rsh1uwn1L6M0LVml8OIQ4Gudg4oyZakf7FmeRLkMMtZW1i5A==",
      "license": "MIT",
      "engines": {
        "node": ">=12"
      },
      "funding": {
        "url": "https://github.com/sponsors/sindresorhus"
      }
    },
    "node_modules/p-event": {
      "version": "7.1.0",
      "resolved": "https://registry.npmjs.org/p-event/-/p-event-7.1.0.tgz",
      "integrity": "sha512-/lkPs5W1aC3cp6vqZefpdosOn65J571sWodyfOQiF0+tmDCpU+H8Atwpu0vQROCVUlZuToDN5eyTLsMLLc54mg==",
      "license": "MIT",
      "dependencies": {
        "p-timeout": "^7.0.1"
      },
      "engines": {
        "node": ">=20"
      },
      "funding": {
        "url": "https://github.com/sponsors/sindresorhus"
      }
    },
    "node_modules/p-queue": {
      "version": "9.1.0",
      "resolved": "https://registry.npmjs.org/p-queue/-/p-queue-9.1.0.tgz",
      "integrity": "sha512-O/ZPaXuQV29uSLbxWBGGZO1mCQXV2BLIwUr59JUU9SoH76mnYvtms7aafH/isNSNGwuEfP6W/4xD0/TJXxrizw==",
      "license": "MIT",
      "dependencies": {
        "eventemitter3": "^5.0.1",
        "p-timeout": "^7.0.0"
      },
      "engines": {
        "node": ">=20"
      },
      "funding": {
        "url": "https://github.com/sponsors/sindresorhus"
      }
    },
    "node_modules/p-retry": {
      "version": "7.1.1",
      "resolved": "https://registry.npmjs.org/p-retry/-/p-retry-7.1.1.tgz",
      "integrity": "sha512-J5ApzjyRkkf601HpEeykoiCvzHQjWxPAHhyjFcEUP2SWq0+35NKh8TLhpLw+Dkq5TZBFvUM6UigdE9hIVYTl5w==",
      "license": "MIT",
      "dependencies": {
        "is-network-error": "^1.1.0"
      },
      "engines": {
        "node": ">=20"
      },
      "funding": {
        "url": "https://github.com/sponsors/sindresorhus"
      }
    },
    "node_modules/p-timeout": {
      "version": "7.0.1",
      "resolved": "https://registry.npmjs.org/p-timeout/-/p-timeout-7.0.1.tgz",
      "integrity": "sha512-AxTM2wDGORHGEkPCt8yqxOTMgpfbEHqF51f/5fJCmwFC3C/zNcGT63SymH2ttOAaiIws2zVg4+izQCjrakcwHg==",
      "license": "MIT",
      "engines": {
        "node": ">=20"
      },
      "funding": {
        "url": "https://github.com/sponsors/sindresorhus"
      }
    },
    "node_modules/progress-events": {
      "version": "1.0.1",
      "resolved": "https://registry.npmjs.org/progress-events/-/progress-events-1.0.1.tgz",
      "integrity": "sha512-MOzLIwhpt64KIVN64h1MwdKWiyKFNc/S6BoYKPIVUHFg0/eIEyBulhWCgn678v/4c0ri3FdGuzXymNCv02MUIw==",
      "license": "Apache-2.0 OR MIT"
    },
    "node_modules/protons-runtime": {
      "version": "5.6.0",
      "resolved": "https://registry.npmjs.org/protons-runtime/-/protons-runtime-5.6.0.tgz",
      "integrity": "sha512-/Kde+sB9DsMFrddJT/UZWe6XqvL7SL5dbag/DBCElFKhkwDj7XKt53S+mzLyaDP5OqS0wXjV5SA572uWDaT0Hg==",
      "license": "Apache-2.0 OR MIT",
      "dependencies": {
        "uint8-varint": "^2.0.2",
        "uint8arraylist": "^2.4.3",
        "uint8arrays": "^5.0.1"
      }
    },
    "node_modules/race-event": {
      "version": "1.6.1",
      "resolved": "https://registry.npmjs.org/race-event/-/race-event-1.6.1.tgz",
      "integrity": "sha512-vi7WH5g5KoTFpu2mme/HqZiWH14XSOtg5rfp6raBskBHl7wnmy3F/biAIyY5MsK+BHWhoPhxtZ1Y2R7OHHaWyQ==",
      "license": "Apache-2.0 OR MIT",
      "dependencies": {
        "abort-error": "^1.0.1"
      }
    },
    "node_modules/race-signal": {
      "version": "2.0.0",
      "resolved": "https://registry.npmjs.org/race-signal/-/race-signal-2.0.0.tgz",
      "integrity": "sha512-P31bLhE4ByBX/70QDXMutxnqgwrF1WUXea1O8DXuviAgkdbQ1iQMQotNgzJIBC9yUSn08u/acZrMUhgw7w6GpA==",
      "license": "Apache-2.0 OR MIT"
    },
    "node_modules/random-int": {
      "version": "3.1.0",
      "resolved": "https://registry.npmjs.org/random-int/-/random-int-3.1.0.tgz",
      "integrity": "sha512-h8CRz8cpvzj0hC/iH/1Gapgcl2TQ6xtnCpyOI5WvWfXf/yrDx2DOU+tD9rX23j36IF11xg1KqB9W11Z18JPMdw==",
      "license": "MIT",
      "engines": {
        "node": ">=12"
      },
      "funding": {
        "url": "https://github.com/sponsors/sindresorhus"
      }
    },
    "node_modules/redis": {
      "version": "5.10.0",
      "resolved": "https://registry.npmjs.org/redis/-/redis-5.10.0.tgz",
      "integrity": "sha512-0/Y+7IEiTgVGPrLFKy8oAEArSyEJkU0zvgV5xyi9NzNQ+SLZmyFbUsWIbgPcd4UdUh00opXGKlXJwMmsis5Byw==",
      "license": "MIT",
      "dependencies": {
        "@redis/bloom": "5.10.0",
        "@redis/client": "5.10.0",
        "@redis/json": "5.10.0",
        "@redis/search": "5.10.0",
        "@redis/time-series": "5.10.0"
      },
      "engines": {
        "node": ">= 18"
      }
    },
    "node_modules/supports-color": {
      "version": "10.2.2",
      "resolved": "https://registry.npmjs.org/supports-color/-/supports-color-10.2.2.tgz",
      "integrity": "sha512-SS+jx45GF1QjgEXQx4NJZV9ImqmO2NPz5FNsIHrsDjh2YsHnawpan7SNQ1o8NuhrbHZy9AZhIoCUiCeaW/C80g==",
      "license": "MIT",
      "engines": {
        "node": ">=18"
      },
      "funding": {
        "url": "https://github.com/chalk/supports-color?sponsor=1"
      }
    },
    "node_modules/uint8-varint": {
      "version": "2.0.4",
      "resolved": "https://registry.npmjs.org/uint8-varint/-/uint8-varint-2.0.4.tgz",
      "integrity": "sha512-FwpTa7ZGA/f/EssWAb5/YV6pHgVF1fViKdW8cWaEarjB8t7NyofSWBdOTyFPaGuUG4gx3v1O3PQ8etsiOs3lcw==",
      "license": "Apache-2.0 OR MIT",
      "dependencies": {
        "uint8arraylist": "^2.0.0",
        "uint8arrays": "^5.0.0"
      }
    },
    "node_modules/uint8arraylist": {
      "version": "2.4.8",
      "resolved": "https://registry.npmjs.org/uint8arraylist/-/uint8arraylist-2.4.8.tgz",
      "integrity": "sha512-vc1PlGOzglLF0eae1M8mLRTBivsvrGsdmJ5RbK3e+QRvRLOZfZhQROTwH/OfyF3+ZVUg9/8hE8bmKP2CvP9quQ==",
      "license": "Apache-2.0 OR MIT",
      "dependencies": {
        "uint8arrays": "^5.0.1"
      }
    },
    "node_modules/uint8arrays": {
      "version": "5.1.0",
      "resolved": "https://registry.npmjs.org/uint8arrays/-/uint8arrays-5.1.0.tgz",
      "integrity": "sha512-vA6nFepEmlSKkMBnLBaUMVvAC4G3CTmO58C12y4sq6WPDOR7mOFYOi7GlrQ4djeSbP6JG9Pv9tJDM97PedRSww==",
      "license": "Apache-2.0 OR MIT",
      "dependencies": {
        "multiformats": "^13.0.0"
      }
    },
    "node_modules/unlimited-timeout": {
      "version": "0.1.0",
      "resolved": "https://registry.npmjs.org/unlimited-timeout/-/unlimited-timeout-0.1.0.tgz",
      "integrity": "sha512-D4g+mxFeQGQHzCfnvij+R35ukJ0658Zzudw7j16p4tBBbNasKkKM4SocYxqhwT5xA7a9JYWDzKkEFyMlRi5sng==",
      "license": "MIT",
      "engines": {
        "node": ">=20"
      },
      "funding": {
        "url": "https://github.com/sponsors/sindresorhus"
      }
    },
    "node_modules/utf8-codec": {
      "version": "1.0.0",
      "resolved": "https://registry.npmjs.org/utf8-codec/-/utf8-codec-1.0.0.tgz",
      "integrity": "sha512-S/QSLezp3qvG4ld5PUfXiH7mCFxLKjSVZRFkB3DOjgwHuJPFDkInAXc/anf7BAbHt/D38ozDzL+QMZ6/7gsI6w==",
      "license": "MIT"
    },
    "node_modules/weald": {
      "version": "1.1.1",
      "resolved": "https://registry.npmjs.org/weald/-/weald-1.1.1.tgz",
      "integrity": "sha512-PaEQShzMCz8J/AD2N3dJMc1hTZWkJeLKS2NMeiVkV5KDHwgZe7qXLEzyodsT/SODxWDdXJJqocuwf3kHzcXhSQ==",
      "license": "Apache-2.0 OR MIT",
      "dependencies": {
        "ms": "^3.0.0-canary.1",
        "supports-color": "^10.0.0"
      }
    }
  }
}
